// !$*UTF8*$!
{
	archiveVersion = 1;
	classes = {
	};
	objectVersion = 47;
	objects = {

/* Begin PBXBuildFile section */
		D9485FF71ADB45CE0063F888 /* ScoreEstimator.m in Sources */ = {isa = PBXBuildFile; fileRef = D9485FF61ADB45CE0063F888 /* ScoreEstimator.m */; };
		D99380311A665BB40017A49C /* DataAccessor.m in Sources */ = {isa = PBXBuildFile; fileRef = D99380301A665BB40017A49C /* DataAccessor.m */; };
		D9F3B5521A5E318C0053AECE /* main.m in Sources */ = {isa = PBXBuildFile; fileRef = D9F3B5511A5E318C0053AECE /* main.m */; };
		D9F3B5551A5E318C0053AECE /* AppDelegate.m in Sources */ = {isa = PBXBuildFile; fileRef = D9F3B5541A5E318C0053AECE /* AppDelegate.m */; };
		D9F3B5581A5E318C0053AECE /* ViewController.m in Sources */ = {isa = PBXBuildFile; fileRef = D9F3B5571A5E318C0053AECE /* ViewController.m */; };
		D9F3B55B1A5E318C0053AECE /* Main.storyboard in Resources */ = {isa = PBXBuildFile; fileRef = D9F3B5591A5E318C0053AECE /* Main.storyboard */; };
		D9F3B55D1A5E318C0053AECE /* Images.xcassets in Resources */ = {isa = PBXBuildFile; fileRef = D9F3B55C1A5E318C0053AECE /* Images.xcassets */; };
		D9F3B5601A5E318C0053AECE /* LaunchScreen.xib in Resources */ = {isa = PBXBuildFile; fileRef = D9F3B55E1A5E318C0053AECE /* LaunchScreen.xib */; };
		D9F3B56C1A5E318C0053AECE /* YANSISTests.m in Sources */ = {isa = PBXBuildFile; fileRef = D9F3B56B1A5E318C0053AECE /* YANSISTests.m */; };
		D9F3B5911A5E31C20053AECE /* CompositPostProcessor.m in Sources */ = {isa = PBXBuildFile; fileRef = D9F3B5761A5E31C20053AECE /* CompositPostProcessor.m */; };
		D9F3B5921A5E31C20053AECE /* CSVAnalyzer.m in Sources */ = {isa = PBXBuildFile; fileRef = D9F3B5781A5E31C20053AECE /* CSVAnalyzer.m */; };
		D9F3B5931A5E31C20053AECE /* CSVData.m in Sources */ = {isa = PBXBuildFile; fileRef = D9F3B57A1A5E31C20053AECE /* CSVData.m */; };
		D9F3B5941A5E31C20053AECE /* CSVParser.m in Sources */ = {isa = PBXBuildFile; fileRef = D9F3B57C1A5E31C20053AECE /* CSVParser.m */; };
		D9F3B5951A5E31C20053AECE /* CToken.m in Sources */ = {isa = PBXBuildFile; fileRef = D9F3B57E1A5E31C20053AECE /* CToken.m */; };
		D9F3B5961A5E31C20053AECE /* Dictionary.m in Sources */ = {isa = PBXBuildFile; fileRef = D9F3B5801A5E31C20053AECE /* Dictionary.m */; };
		D9F3B5971A5E31C20053AECE /* DoubleArrayTrie.m in Sources */ = {isa = PBXBuildFile; fileRef = D9F3B5821A5E31C20053AECE /* DoubleArrayTrie.m */; };
		D9F3B5981A5E31C20053AECE /* EJAdvisor3.m in Sources */ = {isa = PBXBuildFile; fileRef = D9F3B5841A5E31C20053AECE /* EJAdvisor3.m */; };
		D9F3B5991A5E31C20053AECE /* EJConfig.m in Sources */ = {isa = PBXBuildFile; fileRef = D9F3B5861A5E31C20053AECE /* EJConfig.m */; };
		D9F3B59A1A5E31C20053AECE /* EJExample.m in Sources */ = {isa = PBXBuildFile; fileRef = D9F3B5881A5E31C20053AECE /* EJExample.m */; };
		D9F3B59B1A5E31C20053AECE /* ExampleFinder.m in Sources */ = {isa = PBXBuildFile; fileRef = D9F3B58A1A5E31C20053AECE /* ExampleFinder.m */; };
		D9F3B59C1A5E31C20053AECE /* FileAccessor.m in Sources */ = {isa = PBXBuildFile; fileRef = D9F3B58C1A5E31C20053AECE /* FileAccessor.m */; };
		D9F3B59D1A5E31C20053AECE /* FileWriter.m in Sources */ = {isa = PBXBuildFile; fileRef = D9F3B58E1A5E31C20053AECE /* FileWriter.m */; };
		D9F3B59E1A5E31C20053AECE /* GradeTable.m in Sources */ = {isa = PBXBuildFile; fileRef = D9F3B5901A5E31C20053AECE /* GradeTable.m */; };
		D9F3B5C51A5E31F00053AECE /* JapaneseTokenizer.m in Sources */ = {isa = PBXBuildFile; fileRef = D9F3B5A01A5E31F00053AECE /* JapaneseTokenizer.m */; };
		D9F3B5C61A5E31F00053AECE /* morph in Resources */ = {isa = PBXBuildFile; fileRef = D9F3B5A11A5E31F00053AECE /* morph */; };
		D9F3B5C71A5E31F00053AECE /* Node.m in Sources */ = {isa = PBXBuildFile; fileRef = D9F3B5A31A5E31F00053AECE /* Node.m */; };
		D9F3B5C81A5E31F00053AECE /* POS.m in Sources */ = {isa = PBXBuildFile; fileRef = D9F3B5A51A5E31F00053AECE /* POS.m */; };
		D9F3B5C91A5E31F00053AECE /* PostProcessor.m in Sources */ = {isa = PBXBuildFile; fileRef = D9F3B5A71A5E31F00053AECE /* PostProcessor.m */; };
		D9F3B5CA1A5E31F00053AECE /* PreProcessor.m in Sources */ = {isa = PBXBuildFile; fileRef = D9F3B5A91A5E31F00053AECE /* PreProcessor.m */; };
		D9F3B5CB1A5E31F00053AECE /* Recommendation.m in Sources */ = {isa = PBXBuildFile; fileRef = D9F3B5AB1A5E31F00053AECE /* Recommendation.m */; };
		D9F3B5CC1A5E31F00053AECE /* RemarkPostProcessor.m in Sources */ = {isa = PBXBuildFile; fileRef = D9F3B5AD1A5E31F00053AECE /* RemarkPostProcessor.m */; };
		D9F3B5CD1A5E31F00053AECE /* sen in Resources */ = {isa = PBXBuildFile; fileRef = D9F3B5AE1A5E31F00053AECE /* sen */; };
		D9F3B5CE1A5E31F00053AECE /* StringAccessor.m in Sources */ = {isa = PBXBuildFile; fileRef = D9F3B5B01A5E31F00053AECE /* StringAccessor.m */; };
		D9F3B5CF1A5E31F00053AECE /* StringTagger.m in Sources */ = {isa = PBXBuildFile; fileRef = D9F3B5B21A5E31F00053AECE /* StringTagger.m */; };
		D9F3B5D01A5E31F00053AECE /* Token.m in Sources */ = {isa = PBXBuildFile; fileRef = D9F3B5B41A5E31F00053AECE /* Token.m */; };
		D9F3B5D11A5E31F00053AECE /* Tokenizer.m in Sources */ = {isa = PBXBuildFile; fileRef = D9F3B5B61A5E31F00053AECE /* Tokenizer.m */; };
		D9F3B5D31A5E31F00053AECE /* Viterbi.m in Sources */ = {isa = PBXBuildFile; fileRef = D9F3B5BA1A5E31F00053AECE /* Viterbi.m */; };
		D9F3B5D41A5E31F00053AECE /* VocabAnalyzer.m in Sources */ = {isa = PBXBuildFile; fileRef = D9F3B5BC1A5E31F00053AECE /* VocabAnalyzer.m */; };
		D9F3B5D51A5E31F00053AECE /* VocabGrade.m in Sources */ = {isa = PBXBuildFile; fileRef = D9F3B5BE1A5E31F00053AECE /* VocabGrade.m */; };
		D9F3B5D61A5E31F00053AECE /* WordProperty.m in Sources */ = {isa = PBXBuildFile; fileRef = D9F3B5C01A5E31F00053AECE /* WordProperty.m */; };
		D9F3B5D71A5E31F00053AECE /* WordPropertyFactory.m in Sources */ = {isa = PBXBuildFile; fileRef = D9F3B5C21A5E31F00053AECE /* WordPropertyFactory.m */; };
		D9F3B5D81A5E31F00053AECE /* WordWithGrade.m in Sources */ = {isa = PBXBuildFile; fileRef = D9F3B5C41A5E31F00053AECE /* WordWithGrade.m */; };
/* End PBXBuildFile section */

/* Begin PBXContainerItemProxy section */
		D9F3B5661A5E318C0053AECE /* PBXContainerItemProxy */ = {
			isa = PBXContainerItemProxy;
			containerPortal = D9F3B5441A5E318C0053AECE /* Project object */;
			proxyType = 1;
			remoteGlobalIDString = D9F3B54B1A5E318C0053AECE;
			remoteInfo = YANSIS;
		};
/* End PBXContainerItemProxy section */

/* Begin PBXFileReference section */
		D9485FF51ADB3D490063F888 /* ScoreEstimator.h */ = {isa = PBXFileReference; fileEncoding = 4; lastKnownFileType = sourcecode.c.h; path = ScoreEstimator.h; sourceTree = "<group>"; };
		D9485FF61ADB45CE0063F888 /* ScoreEstimator.m */ = {isa = PBXFileReference; fileEncoding = 4; lastKnownFileType = sourcecode.c.objc; path = ScoreEstimator.m; sourceTree = "<group>"; };
		D993802F1A665B110017A49C /* DataAccessor.h */ = {isa = PBXFileReference; fileEncoding = 4; lastKnownFileType = sourcecode.c.h; path = DataAccessor.h; sourceTree = "<group>"; };
		D99380301A665BB40017A49C /* DataAccessor.m */ = {isa = PBXFileReference; fileEncoding = 4; lastKnownFileType = sourcecode.c.objc; path = DataAccessor.m; sourceTree = "<group>"; };
		D9F3B54C1A5E318C0053AECE /* YANSIS.app */ = {isa = PBXFileReference; explicitFileType = wrapper.application; includeInIndex = 0; path = YANSIS.app; sourceTree = BUILT_PRODUCTS_DIR; };
		D9F3B5501A5E318C0053AECE /* Info.plist */ = {isa = PBXFileReference; lastKnownFileType = text.plist.xml; path = Info.plist; sourceTree = "<group>"; };
		D9F3B5511A5E318C0053AECE /* main.m */ = {isa = PBXFileReference; lastKnownFileType = sourcecode.c.objc; path = main.m; sourceTree = "<group>"; };
		D9F3B5531A5E318C0053AECE /* AppDelegate.h */ = {isa = PBXFileReference; lastKnownFileType = sourcecode.c.h; path = AppDelegate.h; sourceTree = "<group>"; };
		D9F3B5541A5E318C0053AECE /* AppDelegate.m */ = {isa = PBXFileReference; lastKnownFileType = sourcecode.c.objc; path = AppDelegate.m; sourceTree = "<group>"; };
		D9F3B5561A5E318C0053AECE /* ViewController.h */ = {isa = PBXFileReference; lastKnownFileType = sourcecode.c.h; path = ViewController.h; sourceTree = "<group>"; };
		D9F3B5571A5E318C0053AECE /* ViewController.m */ = {isa = PBXFileReference; lastKnownFileType = sourcecode.c.objc; path = ViewController.m; sourceTree = "<group>"; };
		D9F3B55A1A5E318C0053AECE /* Base */ = {isa = PBXFileReference; lastKnownFileType = file.storyboard; name = Base; path = Base.lproj/Main.storyboard; sourceTree = "<group>"; };
		D9F3B55C1A5E318C0053AECE /* Images.xcassets */ = {isa = PBXFileReference; lastKnownFileType = folder.assetcatalog; path = Images.xcassets; sourceTree = "<group>"; };
		D9F3B55F1A5E318C0053AECE /* Base */ = {isa = PBXFileReference; lastKnownFileType = file.xib; name = Base; path = Base.lproj/LaunchScreen.xib; sourceTree = "<group>"; };
		D9F3B5651A5E318C0053AECE /* YANSISTests.xctest */ = {isa = PBXFileReference; explicitFileType = wrapper.cfbundle; includeInIndex = 0; path = YANSISTests.xctest; sourceTree = BUILT_PRODUCTS_DIR; };
		D9F3B56A1A5E318C0053AECE /* Info.plist */ = {isa = PBXFileReference; lastKnownFileType = text.plist.xml; path = Info.plist; sourceTree = "<group>"; };
		D9F3B56B1A5E318C0053AECE /* YANSISTests.m */ = {isa = PBXFileReference; lastKnownFileType = sourcecode.c.objc; path = YANSISTests.m; sourceTree = "<group>"; };
		D9F3B5751A5E31C20053AECE /* CompositPostProcessor.h */ = {isa = PBXFileReference; fileEncoding = 4; lastKnownFileType = sourcecode.c.h; path = CompositPostProcessor.h; sourceTree = "<group>"; };
		D9F3B5761A5E31C20053AECE /* CompositPostProcessor.m */ = {isa = PBXFileReference; fileEncoding = 4; lastKnownFileType = sourcecode.c.objc; path = CompositPostProcessor.m; sourceTree = "<group>"; };
		D9F3B5771A5E31C20053AECE /* CSVAnalyzer.h */ = {isa = PBXFileReference; fileEncoding = 4; lastKnownFileType = sourcecode.c.h; path = CSVAnalyzer.h; sourceTree = "<group>"; };
		D9F3B5781A5E31C20053AECE /* CSVAnalyzer.m */ = {isa = PBXFileReference; fileEncoding = 4; lastKnownFileType = sourcecode.c.objc; path = CSVAnalyzer.m; sourceTree = "<group>"; };
		D9F3B5791A5E31C20053AECE /* CSVData.h */ = {isa = PBXFileReference; fileEncoding = 4; lastKnownFileType = sourcecode.c.h; path = CSVData.h; sourceTree = "<group>"; };
		D9F3B57A1A5E31C20053AECE /* CSVData.m */ = {isa = PBXFileReference; fileEncoding = 4; lastKnownFileType = sourcecode.c.objc; path = CSVData.m; sourceTree = "<group>"; };
		D9F3B57B1A5E31C20053AECE /* CSVParser.h */ = {isa = PBXFileReference; fileEncoding = 4; lastKnownFileType = sourcecode.c.h; path = CSVParser.h; sourceTree = "<group>"; };
		D9F3B57C1A5E31C20053AECE /* CSVParser.m */ = {isa = PBXFileReference; fileEncoding = 4; lastKnownFileType = sourcecode.c.objc; path = CSVParser.m; sourceTree = "<group>"; };
		D9F3B57D1A5E31C20053AECE /* CToken.h */ = {isa = PBXFileReference; fileEncoding = 4; lastKnownFileType = sourcecode.c.h; path = CToken.h; sourceTree = "<group>"; };
		D9F3B57E1A5E31C20053AECE /* CToken.m */ = {isa = PBXFileReference; fileEncoding = 4; lastKnownFileType = sourcecode.c.objc; path = CToken.m; sourceTree = "<group>"; };
		D9F3B57F1A5E31C20053AECE /* Dictionary.h */ = {isa = PBXFileReference; fileEncoding = 4; lastKnownFileType = sourcecode.c.h; path = Dictionary.h; sourceTree = "<group>"; };
		D9F3B5801A5E31C20053AECE /* Dictionary.m */ = {isa = PBXFileReference; fileEncoding = 4; lastKnownFileType = sourcecode.c.objc; path = Dictionary.m; sourceTree = "<group>"; };
		D9F3B5811A5E31C20053AECE /* DoubleArrayTrie.h */ = {isa = PBXFileReference; fileEncoding = 4; lastKnownFileType = sourcecode.c.h; path = DoubleArrayTrie.h; sourceTree = "<group>"; };
		D9F3B5821A5E31C20053AECE /* DoubleArrayTrie.m */ = {isa = PBXFileReference; fileEncoding = 4; lastKnownFileType = sourcecode.c.objc; path = DoubleArrayTrie.m; sourceTree = "<group>"; };
		D9F3B5831A5E31C20053AECE /* EJAdvisor3.h */ = {isa = PBXFileReference; fileEncoding = 4; lastKnownFileType = sourcecode.c.h; path = EJAdvisor3.h; sourceTree = "<group>"; };
		D9F3B5841A5E31C20053AECE /* EJAdvisor3.m */ = {isa = PBXFileReference; fileEncoding = 4; lastKnownFileType = sourcecode.c.objc; path = EJAdvisor3.m; sourceTree = "<group>"; };
		D9F3B5851A5E31C20053AECE /* EJConfig.h */ = {isa = PBXFileReference; fileEncoding = 4; lastKnownFileType = sourcecode.c.h; path = EJConfig.h; sourceTree = "<group>"; };
		D9F3B5861A5E31C20053AECE /* EJConfig.m */ = {isa = PBXFileReference; fileEncoding = 4; lastKnownFileType = sourcecode.c.objc; path = EJConfig.m; sourceTree = "<group>"; };
		D9F3B5871A5E31C20053AECE /* EJExample.h */ = {isa = PBXFileReference; fileEncoding = 4; lastKnownFileType = sourcecode.c.h; path = EJExample.h; sourceTree = "<group>"; };
		D9F3B5881A5E31C20053AECE /* EJExample.m */ = {isa = PBXFileReference; fileEncoding = 4; lastKnownFileType = sourcecode.c.objc; path = EJExample.m; sourceTree = "<group>"; };
		D9F3B5891A5E31C20053AECE /* ExampleFinder.h */ = {isa = PBXFileReference; fileEncoding = 4; lastKnownFileType = sourcecode.c.h; path = ExampleFinder.h; sourceTree = "<group>"; };
		D9F3B58A1A5E31C20053AECE /* ExampleFinder.m */ = {isa = PBXFileReference; fileEncoding = 4; lastKnownFileType = sourcecode.c.objc; path = ExampleFinder.m; sourceTree = "<group>"; };
		D9F3B58B1A5E31C20053AECE /* FileAccessor.h */ = {isa = PBXFileReference; fileEncoding = 4; lastKnownFileType = sourcecode.c.h; path = FileAccessor.h; sourceTree = "<group>"; };
		D9F3B58C1A5E31C20053AECE /* FileAccessor.m */ = {isa = PBXFileReference; fileEncoding = 4; lastKnownFileType = sourcecode.c.objc; path = FileAccessor.m; sourceTree = "<group>"; };
		D9F3B58D1A5E31C20053AECE /* FileWriter.h */ = {isa = PBXFileReference; fileEncoding = 4; lastKnownFileType = sourcecode.c.h; path = FileWriter.h; sourceTree = "<group>"; };
		D9F3B58E1A5E31C20053AECE /* FileWriter.m */ = {isa = PBXFileReference; fileEncoding = 4; lastKnownFileType = sourcecode.c.objc; path = FileWriter.m; sourceTree = "<group>"; };
		D9F3B58F1A5E31C20053AECE /* GradeTable.h */ = {isa = PBXFileReference; fileEncoding = 4; lastKnownFileType = sourcecode.c.h; path = GradeTable.h; sourceTree = "<group>"; };
		D9F3B5901A5E31C20053AECE /* GradeTable.m */ = {isa = PBXFileReference; fileEncoding = 4; lastKnownFileType = sourcecode.c.objc; path = GradeTable.m; sourceTree = "<group>"; };
		D9F3B59F1A5E31F00053AECE /* JapaneseTokenizer.h */ = {isa = PBXFileReference; fileEncoding = 4; lastKnownFileType = sourcecode.c.h; path = JapaneseTokenizer.h; sourceTree = "<group>"; };
		D9F3B5A01A5E31F00053AECE /* JapaneseTokenizer.m */ = {isa = PBXFileReference; fileEncoding = 4; lastKnownFileType = sourcecode.c.objc; path = JapaneseTokenizer.m; sourceTree = "<group>"; };
		D9F3B5A11A5E31F00053AECE /* morph */ = {isa = PBXFileReference; lastKnownFileType = folder; path = morph; sourceTree = "<group>"; };
		D9F3B5A21A5E31F00053AECE /* Node.h */ = {isa = PBXFileReference; fileEncoding = 4; lastKnownFileType = sourcecode.c.h; path = Node.h; sourceTree = "<group>"; };
		D9F3B5A31A5E31F00053AECE /* Node.m */ = {isa = PBXFileReference; fileEncoding = 4; lastKnownFileType = sourcecode.c.objc; path = Node.m; sourceTree = "<group>"; };
		D9F3B5A41A5E31F00053AECE /* POS.h */ = {isa = PBXFileReference; fileEncoding = 4; lastKnownFileType = sourcecode.c.h; path = POS.h; sourceTree = "<group>"; };
		D9F3B5A51A5E31F00053AECE /* POS.m */ = {isa = PBXFileReference; fileEncoding = 4; lastKnownFileType = sourcecode.c.objc; path = POS.m; sourceTree = "<group>"; };
		D9F3B5A61A5E31F00053AECE /* PostProcessor.h */ = {isa = PBXFileReference; fileEncoding = 4; lastKnownFileType = sourcecode.c.h; path = PostProcessor.h; sourceTree = "<group>"; };
		D9F3B5A71A5E31F00053AECE /* PostProcessor.m */ = {isa = PBXFileReference; fileEncoding = 4; lastKnownFileType = sourcecode.c.objc; path = PostProcessor.m; sourceTree = "<group>"; };
		D9F3B5A81A5E31F00053AECE /* PreProcessor.h */ = {isa = PBXFileReference; fileEncoding = 4; lastKnownFileType = sourcecode.c.h; path = PreProcessor.h; sourceTree = "<group>"; };
		D9F3B5A91A5E31F00053AECE /* PreProcessor.m */ = {isa = PBXFileReference; fileEncoding = 4; lastKnownFileType = sourcecode.c.objc; path = PreProcessor.m; sourceTree = "<group>"; };
		D9F3B5AA1A5E31F00053AECE /* Recommendation.h */ = {isa = PBXFileReference; fileEncoding = 4; lastKnownFileType = sourcecode.c.h; path = Recommendation.h; sourceTree = "<group>"; };
		D9F3B5AB1A5E31F00053AECE /* Recommendation.m */ = {isa = PBXFileReference; fileEncoding = 4; lastKnownFileType = sourcecode.c.objc; path = Recommendation.m; sourceTree = "<group>"; };
		D9F3B5AC1A5E31F00053AECE /* RemarkPostProcessor.h */ = {isa = PBXFileReference; fileEncoding = 4; lastKnownFileType = sourcecode.c.h; path = RemarkPostProcessor.h; sourceTree = "<group>"; };
		D9F3B5AD1A5E31F00053AECE /* RemarkPostProcessor.m */ = {isa = PBXFileReference; fileEncoding = 4; lastKnownFileType = sourcecode.c.objc; path = RemarkPostProcessor.m; sourceTree = "<group>"; };
		D9F3B5AE1A5E31F00053AECE /* sen */ = {isa = PBXFileReference; lastKnownFileType = folder; path = sen; sourceTree = "<group>"; };
		D9F3B5AF1A5E31F00053AECE /* StringAccessor.h */ = {isa = PBXFileReference; fileEncoding = 4; lastKnownFileType = sourcecode.c.h; path = StringAccessor.h; sourceTree = "<group>"; };
		D9F3B5B01A5E31F00053AECE /* StringAccessor.m */ = {isa = PBXFileReference; fileEncoding = 4; lastKnownFileType = sourcecode.c.objc; path = StringAccessor.m; sourceTree = "<group>"; };
		D9F3B5B11A5E31F00053AECE /* StringTagger.h */ = {isa = PBXFileReference; fileEncoding = 4; lastKnownFileType = sourcecode.c.h; path = StringTagger.h; sourceTree = "<group>"; };
		D9F3B5B21A5E31F00053AECE /* StringTagger.m */ = {isa = PBXFileReference; fileEncoding = 4; lastKnownFileType = sourcecode.c.objc; path = StringTagger.m; sourceTree = "<group>"; };
		D9F3B5B31A5E31F00053AECE /* Token.h */ = {isa = PBXFileReference; fileEncoding = 4; lastKnownFileType = sourcecode.c.h; path = Token.h; sourceTree = "<group>"; };
		D9F3B5B41A5E31F00053AECE /* Token.m */ = {isa = PBXFileReference; fileEncoding = 4; lastKnownFileType = sourcecode.c.objc; path = Token.m; sourceTree = "<group>"; };
		D9F3B5B51A5E31F00053AECE /* Tokenizer.h */ = {isa = PBXFileReference; fileEncoding = 4; lastKnownFileType = sourcecode.c.h; path = Tokenizer.h; sourceTree = "<group>"; };
		D9F3B5B61A5E31F00053AECE /* Tokenizer.m */ = {isa = PBXFileReference; fileEncoding = 4; lastKnownFileType = sourcecode.c.objc; path = Tokenizer.m; sourceTree = "<group>"; };
		D9F3B5B91A5E31F00053AECE /* Viterbi.h */ = {isa = PBXFileReference; fileEncoding = 4; lastKnownFileType = sourcecode.c.h; path = Viterbi.h; sourceTree = "<group>"; };
		D9F3B5BA1A5E31F00053AECE /* Viterbi.m */ = {isa = PBXFileReference; fileEncoding = 4; lastKnownFileType = sourcecode.c.objc; path = Viterbi.m; sourceTree = "<group>"; };
		D9F3B5BB1A5E31F00053AECE /* VocabAnalyzer.h */ = {isa = PBXFileReference; fileEncoding = 4; lastKnownFileType = sourcecode.c.h; path = VocabAnalyzer.h; sourceTree = "<group>"; };
		D9F3B5BC1A5E31F00053AECE /* VocabAnalyzer.m */ = {isa = PBXFileReference; fileEncoding = 4; lastKnownFileType = sourcecode.c.objc; path = VocabAnalyzer.m; sourceTree = "<group>"; };
		D9F3B5BD1A5E31F00053AECE /* VocabGrade.h */ = {isa = PBXFileReference; fileEncoding = 4; lastKnownFileType = sourcecode.c.h; path = VocabGrade.h; sourceTree = "<group>"; };
		D9F3B5BE1A5E31F00053AECE /* VocabGrade.m */ = {isa = PBXFileReference; fileEncoding = 4; lastKnownFileType = sourcecode.c.objc; path = VocabGrade.m; sourceTree = "<group>"; };
		D9F3B5BF1A5E31F00053AECE /* WordProperty.h */ = {isa = PBXFileReference; fileEncoding = 4; lastKnownFileType = sourcecode.c.h; path = WordProperty.h; sourceTree = "<group>"; };
		D9F3B5C01A5E31F00053AECE /* WordProperty.m */ = {isa = PBXFileReference; fileEncoding = 4; lastKnownFileType = sourcecode.c.objc; path = WordProperty.m; sourceTree = "<group>"; };
		D9F3B5C11A5E31F00053AECE /* WordPropertyFactory.h */ = {isa = PBXFileReference; fileEncoding = 4; lastKnownFileType = sourcecode.c.h; path = WordPropertyFactory.h; sourceTree = "<group>"; };
		D9F3B5C21A5E31F00053AECE /* WordPropertyFactory.m */ = {isa = PBXFileReference; fileEncoding = 4; lastKnownFileType = sourcecode.c.objc; path = WordPropertyFactory.m; sourceTree = "<group>"; };
		D9F3B5C31A5E31F00053AECE /* WordWithGrade.h */ = {isa = PBXFileReference; fileEncoding = 4; lastKnownFileType = sourcecode.c.h; path = WordWithGrade.h; sourceTree = "<group>"; };
		D9F3B5C41A5E31F00053AECE /* WordWithGrade.m */ = {isa = PBXFileReference; fileEncoding = 4; lastKnownFileType = sourcecode.c.objc; path = WordWithGrade.m; sourceTree = "<group>"; };
/* End PBXFileReference section */

/* Begin PBXFrameworksBuildPhase section */
		D9F3B5491A5E318C0053AECE /* Frameworks */ = {
			isa = PBXFrameworksBuildPhase;
			buildActionMask = 2147483647;
			files = (
			);
			runOnlyForDeploymentPostprocessing = 0;
		};
		D9F3B5621A5E318C0053AECE /* Frameworks */ = {
			isa = PBXFrameworksBuildPhase;
			buildActionMask = 2147483647;
			files = (
			);
			runOnlyForDeploymentPostprocessing = 0;
		};
/* End PBXFrameworksBuildPhase section */

/* Begin PBXGroup section */
		D9F3B5431A5E318C0053AECE = {
			isa = PBXGroup;
			children = (
				D9F3B54E1A5E318C0053AECE /* YANSIS */,
				D9F3B5681A5E318C0053AECE /* YANSISTests */,
				D9F3B54D1A5E318C0053AECE /* Products */,
			);
			sourceTree = "<group>";
		};
		D9F3B54D1A5E318C0053AECE /* Products */ = {
			isa = PBXGroup;
			children = (
				D9F3B54C1A5E318C0053AECE /* YANSIS.app */,
				D9F3B5651A5E318C0053AECE /* YANSISTests.xctest */,
			);
			name = Products;
			sourceTree = "<group>";
		};
		D9F3B54E1A5E318C0053AECE /* YANSIS */ = {
			isa = PBXGroup;
			children = (
				D9F3B59F1A5E31F00053AECE /* JapaneseTokenizer.h */,
				D9F3B5A01A5E31F00053AECE /* JapaneseTokenizer.m */,
				D9485FF51ADB3D490063F888 /* ScoreEstimator.h */,
				D9485FF61ADB45CE0063F888 /* ScoreEstimator.m */,
				D9F3B5A11A5E31F00053AECE /* morph */,
				D9F3B5A21A5E31F00053AECE /* Node.h */,
				D9F3B5A31A5E31F00053AECE /* Node.m */,
				D9F3B5A41A5E31F00053AECE /* POS.h */,
				D9F3B5A51A5E31F00053AECE /* POS.m */,
				D9F3B5A61A5E31F00053AECE /* PostProcessor.h */,
				D9F3B5A71A5E31F00053AECE /* PostProcessor.m */,
				D9F3B5A81A5E31F00053AECE /* PreProcessor.h */,
				D9F3B5A91A5E31F00053AECE /* PreProcessor.m */,
				D9F3B5AA1A5E31F00053AECE /* Recommendation.h */,
				D9F3B5AB1A5E31F00053AECE /* Recommendation.m */,
				D9F3B5AC1A5E31F00053AECE /* RemarkPostProcessor.h */,
				D9F3B5AD1A5E31F00053AECE /* RemarkPostProcessor.m */,
				D9F3B5AE1A5E31F00053AECE /* sen */,
				D9F3B5AF1A5E31F00053AECE /* StringAccessor.h */,
				D9F3B5B01A5E31F00053AECE /* StringAccessor.m */,
				D9F3B5B11A5E31F00053AECE /* StringTagger.h */,
				D9F3B5B21A5E31F00053AECE /* StringTagger.m */,
				D9F3B5B31A5E31F00053AECE /* Token.h */,
				D9F3B5B41A5E31F00053AECE /* Token.m */,
				D9F3B5B51A5E31F00053AECE /* Tokenizer.h */,
				D9F3B5B61A5E31F00053AECE /* Tokenizer.m */,
				D9F3B5B91A5E31F00053AECE /* Viterbi.h */,
				D9F3B5BA1A5E31F00053AECE /* Viterbi.m */,
				D9F3B5BB1A5E31F00053AECE /* VocabAnalyzer.h */,
				D9F3B5BC1A5E31F00053AECE /* VocabAnalyzer.m */,
				D9F3B5BD1A5E31F00053AECE /* VocabGrade.h */,
				D9F3B5BE1A5E31F00053AECE /* VocabGrade.m */,
				D9F3B5BF1A5E31F00053AECE /* WordProperty.h */,
				D9F3B5C01A5E31F00053AECE /* WordProperty.m */,
				D9F3B5C11A5E31F00053AECE /* WordPropertyFactory.h */,
				D9F3B5C21A5E31F00053AECE /* WordPropertyFactory.m */,
				D9F3B5C31A5E31F00053AECE /* WordWithGrade.h */,
				D9F3B5C41A5E31F00053AECE /* WordWithGrade.m */,
				D9F3B5751A5E31C20053AECE /* CompositPostProcessor.h */,
				D9F3B5761A5E31C20053AECE /* CompositPostProcessor.m */,
				D9F3B5771A5E31C20053AECE /* CSVAnalyzer.h */,
				D9F3B5781A5E31C20053AECE /* CSVAnalyzer.m */,
				D9F3B5791A5E31C20053AECE /* CSVData.h */,
				D9F3B57A1A5E31C20053AECE /* CSVData.m */,
				D9F3B57B1A5E31C20053AECE /* CSVParser.h */,
				D9F3B57C1A5E31C20053AECE /* CSVParser.m */,
				D9F3B57D1A5E31C20053AECE /* CToken.h */,
				D9F3B57E1A5E31C20053AECE /* CToken.m */,
				D9F3B57F1A5E31C20053AECE /* Dictionary.h */,
				D9F3B5801A5E31C20053AECE /* Dictionary.m */,
				D9F3B5811A5E31C20053AECE /* DoubleArrayTrie.h */,
				D9F3B5821A5E31C20053AECE /* DoubleArrayTrie.m */,
				D9F3B5831A5E31C20053AECE /* EJAdvisor3.h */,
				D9F3B5841A5E31C20053AECE /* EJAdvisor3.m */,
				D9F3B5851A5E31C20053AECE /* EJConfig.h */,
				D9F3B5861A5E31C20053AECE /* EJConfig.m */,
				D9F3B5871A5E31C20053AECE /* EJExample.h */,
				D9F3B5881A5E31C20053AECE /* EJExample.m */,
				D9F3B5891A5E31C20053AECE /* ExampleFinder.h */,
				D9F3B58A1A5E31C20053AECE /* ExampleFinder.m */,
				D9F3B58B1A5E31C20053AECE /* FileAccessor.h */,
				D9F3B58C1A5E31C20053AECE /* FileAccessor.m */,
				D993802F1A665B110017A49C /* DataAccessor.h */,
				D99380301A665BB40017A49C /* DataAccessor.m */,
				D9F3B58D1A5E31C20053AECE /* FileWriter.h */,
				D9F3B58E1A5E31C20053AECE /* FileWriter.m */,
				D9F3B58F1A5E31C20053AECE /* GradeTable.h */,
				D9F3B5901A5E31C20053AECE /* GradeTable.m */,
				D9F3B5531A5E318C0053AECE /* AppDelegate.h */,
				D9F3B5541A5E318C0053AECE /* AppDelegate.m */,
				D9F3B5561A5E318C0053AECE /* ViewController.h */,
				D9F3B5571A5E318C0053AECE /* ViewController.m */,
				D9F3B5591A5E318C0053AECE /* Main.storyboard */,
				D9F3B55C1A5E318C0053AECE /* Images.xcassets */,
				D9F3B55E1A5E318C0053AECE /* LaunchScreen.xib */,
				D9F3B54F1A5E318C0053AECE /* Supporting Files */,
			);
			path = YANSIS;
			sourceTree = "<group>";
		};
		D9F3B54F1A5E318C0053AECE /* Supporting Files */ = {
			isa = PBXGroup;
			children = (
				D9F3B5501A5E318C0053AECE /* Info.plist */,
				D9F3B5511A5E318C0053AECE /* main.m */,
			);
			name = "Supporting Files";
			sourceTree = "<group>";
		};
		D9F3B5681A5E318C0053AECE /* YANSISTests */ = {
			isa = PBXGroup;
			children = (
				D9F3B56B1A5E318C0053AECE /* YANSISTests.m */,
				D9F3B5691A5E318C0053AECE /* Supporting Files */,
			);
			path = YANSISTests;
			sourceTree = "<group>";
		};
		D9F3B5691A5E318C0053AECE /* Supporting Files */ = {
			isa = PBXGroup;
			children = (
				D9F3B56A1A5E318C0053AECE /* Info.plist */,
			);
			name = "Supporting Files";
			sourceTree = "<group>";
		};
/* End PBXGroup section */

/* Begin PBXNativeTarget section */
		D9F3B54B1A5E318C0053AECE /* YANSIS */ = {
			isa = PBXNativeTarget;
			buildConfigurationList = D9F3B56F1A5E318C0053AECE /* Build configuration list for PBXNativeTarget "YANSIS" */;
			buildPhases = (
				D9F3B5481A5E318C0053AECE /* Sources */,
				D9F3B5491A5E318C0053AECE /* Frameworks */,
				D9F3B54A1A5E318C0053AECE /* Resources */,
			);
			buildRules = (
			);
			dependencies = (
			);
			name = YANSIS;
			productName = YANSIS;
			productReference = D9F3B54C1A5E318C0053AECE /* YANSIS.app */;
			productType = "com.apple.product-type.application";
		};
		D9F3B5641A5E318C0053AECE /* YANSISTests */ = {
			isa = PBXNativeTarget;
			buildConfigurationList = D9F3B5721A5E318C0053AECE /* Build configuration list for PBXNativeTarget "YANSISTests" */;
			buildPhases = (
				D9F3B5611A5E318C0053AECE /* Sources */,
				D9F3B5621A5E318C0053AECE /* Frameworks */,
				D9F3B5631A5E318C0053AECE /* Resources */,
			);
			buildRules = (
			);
			dependencies = (
				D9F3B5671A5E318C0053AECE /* PBXTargetDependency */,
			);
			name = YANSISTests;
			productName = YANSISTests;
			productReference = D9F3B5651A5E318C0053AECE /* YANSISTests.xctest */;
			productType = "com.apple.product-type.bundle.unit-test";
		};
/* End PBXNativeTarget section */

/* Begin PBXProject section */
		D9F3B5441A5E318C0053AECE /* Project object */ = {
			isa = PBXProject;
			attributes = {
				LastUpgradeCheck = 0710;
				ORGANIZATIONNAME = "長野雄";
				TargetAttributes = {
					D9F3B54B1A5E318C0053AECE = {
						CreatedOnToolsVersion = 6.1.1;
						DevelopmentTeam = 4Q39AK7F26;
					};
					D9F3B5641A5E318C0053AECE = {
						CreatedOnToolsVersion = 6.1.1;
						TestTargetID = D9F3B54B1A5E318C0053AECE;
					};
				};
			};
			buildConfigurationList = D9F3B5471A5E318C0053AECE /* Build configuration list for PBXProject "YANSIS" */;
			compatibilityVersion = "Xcode 6.3";
			developmentRegion = English;
			hasScannedForEncodings = 0;
			knownRegions = (
				en,
				Base,
			);
			mainGroup = D9F3B5431A5E318C0053AECE;
			productRefGroup = D9F3B54D1A5E318C0053AECE /* Products */;
			projectDirPath = "";
			projectRoot = "";
			targets = (
				D9F3B54B1A5E318C0053AECE /* YANSIS */,
				D9F3B5641A5E318C0053AECE /* YANSISTests */,
			);
		};
/* End PBXProject section */

/* Begin PBXResourcesBuildPhase section */
		D9F3B54A1A5E318C0053AECE /* Resources */ = {
			isa = PBXResourcesBuildPhase;
			buildActionMask = 2147483647;
			files = (
				D9F3B55B1A5E318C0053AECE /* Main.storyboard in Resources */,
				D9F3B5601A5E318C0053AECE /* LaunchScreen.xib in Resources */,
				D9F3B55D1A5E318C0053AECE /* Images.xcassets in Resources */,
				D9F3B5C61A5E31F00053AECE /* morph in Resources */,
				D9F3B5CD1A5E31F00053AECE /* sen in Resources */,
			);
			runOnlyForDeploymentPostprocessing = 0;
		};
		D9F3B5631A5E318C0053AECE /* Resources */ = {
			isa = PBXResourcesBuildPhase;
			buildActionMask = 2147483647;
			files = (
			);
			runOnlyForDeploymentPostprocessing = 0;
		};
/* End PBXResourcesBuildPhase section */

/* Begin PBXSourcesBuildPhase section */
		D9F3B5481A5E318C0053AECE /* Sources */ = {
			isa = PBXSourcesBuildPhase;
			buildActionMask = 2147483647;
			files = (
				D9F3B5CC1A5E31F00053AECE /* RemarkPostProcessor.m in Sources */,
				D9F3B5D11A5E31F00053AECE /* Tokenizer.m in Sources */,
				D9F3B5581A5E318C0053AECE /* ViewController.m in Sources */,
				D9485FF71ADB45CE0063F888 /* ScoreEstimator.m in Sources */,
				D9F3B5551A5E318C0053AECE /* AppDelegate.m in Sources */,
				D9F3B5CA1A5E31F00053AECE /* PreProcessor.m in Sources */,
				D9F3B59E1A5E31C20053AECE /* GradeTable.m in Sources */,
				D9F3B5991A5E31C20053AECE /* EJConfig.m in Sources */,
				D9F3B5971A5E31C20053AECE /* DoubleArrayTrie.m in Sources */,
				D9F3B59D1A5E31C20053AECE /* FileWriter.m in Sources */,
				D9F3B5D41A5E31F00053AECE /* VocabAnalyzer.m in Sources */,
				D9F3B5CB1A5E31F00053AECE /* Recommendation.m in Sources */,
				D9F3B5C51A5E31F00053AECE /* JapaneseTokenizer.m in Sources */,
				D9F3B5CE1A5E31F00053AECE /* StringAccessor.m in Sources */,
				D9F3B5931A5E31C20053AECE /* CSVData.m in Sources */,
				D9F3B5C71A5E31F00053AECE /* Node.m in Sources */,
				D9F3B5911A5E31C20053AECE /* CompositPostProcessor.m in Sources */,
				D9F3B5C81A5E31F00053AECE /* POS.m in Sources */,
				D9F3B5941A5E31C20053AECE /* CSVParser.m in Sources */,
				D9F3B5D61A5E31F00053AECE /* WordProperty.m in Sources */,
				D9F3B5D31A5E31F00053AECE /* Viterbi.m in Sources */,
				D9F3B5981A5E31C20053AECE /* EJAdvisor3.m in Sources */,
				D9F3B5D71A5E31F00053AECE /* WordPropertyFactory.m in Sources */,
				D9F3B5521A5E318C0053AECE /* main.m in Sources */,
				D9F3B5D51A5E31F00053AECE /* VocabGrade.m in Sources */,
				D9F3B59A1A5E31C20053AECE /* EJExample.m in Sources */,
				D9F3B5961A5E31C20053AECE /* Dictionary.m in Sources */,
				D9F3B5CF1A5E31F00053AECE /* StringTagger.m in Sources */,
				D9F3B59C1A5E31C20053AECE /* FileAccessor.m in Sources */,
				D9F3B5921A5E31C20053AECE /* CSVAnalyzer.m in Sources */,
				D99380311A665BB40017A49C /* DataAccessor.m in Sources */,
				D9F3B5C91A5E31F00053AECE /* PostProcessor.m in Sources */,
				D9F3B5D01A5E31F00053AECE /* Token.m in Sources */,
				D9F3B59B1A5E31C20053AECE /* ExampleFinder.m in Sources */,
				D9F3B5D81A5E31F00053AECE /* WordWithGrade.m in Sources */,
				D9F3B5951A5E31C20053AECE /* CToken.m in Sources */,
			);
			runOnlyForDeploymentPostprocessing = 0;
		};
		D9F3B5611A5E318C0053AECE /* Sources */ = {
			isa = PBXSourcesBuildPhase;
			buildActionMask = 2147483647;
			files = (
				D9F3B56C1A5E318C0053AECE /* YANSISTests.m in Sources */,
			);
			runOnlyForDeploymentPostprocessing = 0;
		};
/* End PBXSourcesBuildPhase section */

/* Begin PBXTargetDependency section */
		D9F3B5671A5E318C0053AECE /* PBXTargetDependency */ = {
			isa = PBXTargetDependency;
			target = D9F3B54B1A5E318C0053AECE /* YANSIS */;
			targetProxy = D9F3B5661A5E318C0053AECE /* PBXContainerItemProxy */;
		};
/* End PBXTargetDependency section */

/* Begin PBXVariantGroup section */
		D9F3B5591A5E318C0053AECE /* Main.storyboard */ = {
			isa = PBXVariantGroup;
			children = (
				D9F3B55A1A5E318C0053AECE /* Base */,
			);
			name = Main.storyboard;
			sourceTree = "<group>";
		};
		D9F3B55E1A5E318C0053AECE /* LaunchScreen.xib */ = {
			isa = PBXVariantGroup;
			children = (
				D9F3B55F1A5E318C0053AECE /* Base */,
			);
			name = LaunchScreen.xib;
			sourceTree = "<group>";
		};
/* End PBXVariantGroup section */

/* Begin XCBuildConfiguration section */
		D9F3B56D1A5E318C0053AECE /* Debug */ = {
			isa = XCBuildConfiguration;
			buildSettings = {
				ALWAYS_SEARCH_USER_PATHS = NO;
				CLANG_CXX_LANGUAGE_STANDARD = "gnu++0x";
				CLANG_CXX_LIBRARY = "libc++";
				CLANG_ENABLE_MODULES = YES;
				CLANG_ENABLE_OBJC_ARC = YES;
				CLANG_WARN_BOOL_CONVERSION = YES;
				CLANG_WARN_CONSTANT_CONVERSION = YES;
				CLANG_WARN_DIRECT_OBJC_ISA_USAGE = YES_ERROR;
				CLANG_WARN_EMPTY_BODY = YES;
				CLANG_WARN_ENUM_CONVERSION = YES;
				CLANG_WARN_INT_CONVERSION = YES;
				CLANG_WARN_OBJC_ROOT_CLASS = YES_ERROR;
				CLANG_WARN_UNREACHABLE_CODE = YES;
				CLANG_WARN__DUPLICATE_METHOD_MATCH = YES;
				"CODE_SIGN_IDENTITY[sdk=iphoneos*]" = "iPhone Developer";
				COPY_PHASE_STRIP = NO;
				ENABLE_STRICT_OBJC_MSGSEND = YES;
				ENABLE_TESTABILITY = YES;
				GCC_C_LANGUAGE_STANDARD = gnu99;
				GCC_DYNAMIC_NO_PIC = NO;
				GCC_OPTIMIZATION_LEVEL = 0;
				GCC_PREPROCESSOR_DEFINITIONS = (
					"DEBUG=1",
					"$(inherited)",
				);
				GCC_SYMBOLS_PRIVATE_EXTERN = NO;
				GCC_WARN_64_TO_32_BIT_CONVERSION = YES;
				GCC_WARN_ABOUT_RETURN_TYPE = YES_ERROR;
				GCC_WARN_UNDECLARED_SELECTOR = YES;
				GCC_WARN_UNINITIALIZED_AUTOS = YES_AGGRESSIVE;
				GCC_WARN_UNUSED_FUNCTION = YES;
				GCC_WARN_UNUSED_VARIABLE = YES;
				IPHONEOS_DEPLOYMENT_TARGET = 9.1;
				MTL_ENABLE_DEBUG_INFO = YES;
				ONLY_ACTIVE_ARCH = YES;
				SDKROOT = iphoneos;
				TARGETED_DEVICE_FAMILY = "1,2";
			};
			name = Debug;
		};
		D9F3B56E1A5E318C0053AECE /* Release */ = {
			isa = XCBuildConfiguration;
			buildSettings = {
				ALWAYS_SEARCH_USER_PATHS = NO;
				CLANG_CXX_LANGUAGE_STANDARD = "gnu++0x";
				CLANG_CXX_LIBRARY = "libc++";
				CLANG_ENABLE_MODULES = YES;
				CLANG_ENABLE_OBJC_ARC = YES;
				CLANG_WARN_BOOL_CONVERSION = YES;
				CLANG_WARN_CONSTANT_CONVERSION = YES;
				CLANG_WARN_DIRECT_OBJC_ISA_USAGE = YES_ERROR;
				CLANG_WARN_EMPTY_BODY = YES;
				CLANG_WARN_ENUM_CONVERSION = YES;
				CLANG_WARN_INT_CONVERSION = YES;
				CLANG_WARN_OBJC_ROOT_CLASS = YES_ERROR;
				CLANG_WARN_UNREACHABLE_CODE = YES;
				CLANG_WARN__DUPLICATE_METHOD_MATCH = YES;
				"CODE_SIGN_IDENTITY[sdk=iphoneos*]" = "iPhone Developer";
				COPY_PHASE_STRIP = YES;
				ENABLE_NS_ASSERTIONS = NO;
				ENABLE_STRICT_OBJC_MSGSEND = YES;
				GCC_C_LANGUAGE_STANDARD = gnu99;
				GCC_WARN_64_TO_32_BIT_CONVERSION = YES;
				GCC_WARN_ABOUT_RETURN_TYPE = YES_ERROR;
				GCC_WARN_UNDECLARED_SELECTOR = YES;
				GCC_WARN_UNINITIALIZED_AUTOS = YES_AGGRESSIVE;
				GCC_WARN_UNUSED_FUNCTION = YES;
				GCC_WARN_UNUSED_VARIABLE = YES;
				IPHONEOS_DEPLOYMENT_TARGET = 9.1;
				MTL_ENABLE_DEBUG_INFO = NO;
				SDKROOT = iphoneos;
				TARGETED_DEVICE_FAMILY = "1,2";
				VALIDATE_PRODUCT = YES;
			};
			name = Release;
		};
		D9F3B5701A5E318C0053AECE /* Debug */ = {
			isa = XCBuildConfiguration;
			buildSettings = {
				ASSETCATALOG_COMPILER_APPICON_NAME = AppIcon;
				CODE_SIGN_IDENTITY = "iPhone Developer";
				"CODE_SIGN_IDENTITY[sdk=iphoneos*]" = "iPhone Developer";
				INFOPLIST_FILE = YANSIS/Info.plist;
				IPHONEOS_DEPLOYMENT_TARGET = 9.0;
				LD_RUNPATH_SEARCH_PATHS = "$(inherited) @executable_path/Frameworks";
				PRODUCT_BUNDLE_IDENTIFIER = "org.yansis.$(PRODUCT_NAME:rfc1034identifier)";
				PRODUCT_NAME = "$(TARGET_NAME)";
				PROVISIONING_PROFILE = "";
			};
			name = Debug;
		};
		D9F3B5711A5E318C0053AECE /* Release */ = {
			isa = XCBuildConfiguration;
			buildSettings = {
				ASSETCATALOG_COMPILER_APPICON_NAME = AppIcon;
				CODE_SIGN_IDENTITY = "iPhone Developer";
				"CODE_SIGN_IDENTITY[sdk=iphoneos*]" = "iPhone Developer";
				INFOPLIST_FILE = YANSIS/Info.plist;
				IPHONEOS_DEPLOYMENT_TARGET = 9.0;
				LD_RUNPATH_SEARCH_PATHS = "$(inherited) @executable_path/Frameworks";
				PRODUCT_BUNDLE_IDENTIFIER = "org.yansis.$(PRODUCT_NAME:rfc1034identifier)";
				PRODUCT_NAME = "$(TARGET_NAME)";
				PROVISIONING_PROFILE = "";
			};
			name = Release;
		};
		D9F3B5731A5E318C0053AECE /* Debug */ = {
			isa = XCBuildConfiguration;
			buildSettings = {
				BUNDLE_LOADER = "$(TEST_HOST)";
				FRAMEWORK_SEARCH_PATHS = "";
				GCC_PREPROCESSOR_DEFINITIONS = (
					"DEBUG=1",
					"$(inherited)",
				);
				INFOPLIST_FILE = YANSISTests/Info.plist;
				LD_RUNPATH_SEARCH_PATHS = "$(inherited) @executable_path/Frameworks @loader_path/Frameworks";
				PRODUCT_BUNDLE_IDENTIFIER = "org.yansis.$(PRODUCT_NAME:rfc1034identifier)";
				PRODUCT_NAME = "$(TARGET_NAME)";
				TEST_HOST = "$(BUILT_PRODUCTS_DIR)/YANSIS.app/YANSIS";
			};
			name = Debug;
		};
		D9F3B5741A5E318C0053AECE /* Release */ = {
			isa = XCBuildConfiguration;
			buildSettings = {
				BUNDLE_LOADER = "$(TEST_HOST)";
				FRAMEWORK_SEARCH_PATHS = "";
				INFOPLIST_FILE = YANSISTests/Info.plist;
				LD_RUNPATH_SEARCH_PATHS = "$(inherited) @executable_path/Frameworks @loader_path/Frameworks";
				PRODUCT_BUNDLE_IDENTIFIER = "org.yansis.$(PRODUCT_NAME:rfc1034identifier)";
				PRODUCT_NAME = "$(TARGET_NAME)";
				TEST_HOST = "$(BUILT_PRODUCTS_DIR)/YANSIS.app/YANSIS";
			};
			name = Release;
		};
/* End XCBuildConfiguration section */

/* Begin XCConfigurationList section */
		D9F3B5471A5E318C0053AECE /* Build configuration list for PBXProject "YANSIS" */ = {
			isa = XCConfigurationList;
			buildConfigurations = (
				D9F3B56D1A5E318C0053AECE /* Debug */,
				D9F3B56E1A5E318C0053AECE /* Release */,
			);
			defaultConfigurationIsVisible = 0;
			defaultConfigurationName = Release;
		};
		D9F3B56F1A5E318C0053AECE /* Build configuration list for PBXNativeTarget "YANSIS" */ = {
			isa = XCConfigurationList;
			buildConfigurations = (
				D9F3B5701A5E318C0053AECE /* Debug */,
				D9F3B5711A5E318C0053AECE /* Release */,
			);
			defaultConfigurationIsVisible = 0;
			defaultConfigurationName = Release;
		};
		D9F3B5721A5E318C0053AECE /* Build configuration list for PBXNativeTarget "YANSISTests" */ = {
			isa = XCConfigurationList;
			buildConfigurations = (
				D9F3B5731A5E318C0053AECE /* Debug */,
				D9F3B5741A5E318C0053AECE /* Release */,
			);
			defaultConfigurationIsVisible = 0;
			defaultConfigurationName = Release;
		};
/* End XCConfigurationList section */
	};
	rootObject = D9F3B5441A5E318C0053AECE /* Project object */;
}
