// !$*UTF8*$!
{
	archiveVersion = 1;
	classes = {
	};
	objectVersion = 46;
	objects = {

/* Begin PBXBuildFile section */
		D9F3B5521A5E318C0053AECE /* main.m in Sources */ = {isa = PBXBuildFile; fileRef = D9F3B5511A5E318C0053AECE /* main.m */; };
		D9F3B5551A5E318C0053AECE /* AppDelegate.m in Sources */ = {isa = PBXBuildFile; fileRef = D9F3B5541A5E318C0053AECE /* AppDelegate.m */; };
		D9F3B5581A5E318C0053AECE /* ViewController.m in Sources */ = {isa = PBXBuildFile; fileRef = D9F3B5571A5E318C0053AECE /* ViewController.m */; };
		D9F3B55B1A5E318C0053AECE /* Main.storyboard in Resources */ = {isa = PBXBuildFile; fileRef = D9F3B5591A5E318C0053AECE /* Main.storyboard */; };
		D9F3B55D1A5E318C0053AECE /* Images.xcassets in Resources */ = {isa = PBXBuildFile; fileRef = D9F3B55C1A5E318C0053AECE /* Images.xcassets */; };
		D9F3B5601A5E318C0053AECE /* LaunchScreen.xib in Resources */ = {isa = PBXBuildFile; fileRef = D9F3B55E1A5E318C0053AECE /* LaunchScreen.xib */; };
		D9F3B56C1A5E318C0053AECE /* YANSISTests.m in Sources */ = {isa = PBXBuildFile; fileRef = D9F3B56B1A5E318C0053AECE /* YANSISTests.m */; };
/* End PBXBuildFile section */

/* Begin PBXContainerItemProxy section */
		D9F3B5661A5E318C0053AECE /* PBXContainerItemProxy */ = {
			isa = PBXContainerItemProxy;
			containerPortal = D9F3B5441A5E318C0053AECE /* Project object */;
			proxyType = 1;
			remoteGlobalIDString = D9F3B54B1A5E318C0053AECE;
			remoteInfo = YANSIS;
		};
/* End PBXContainerItemProxy section */

/* Begin PBXFileReference section */
		D9F3B54C1A5E318C0053AECE /* YANSIS.app */ = {isa = PBXFileReference; explicitFileType = wrapper.application; includeInIndex = 0; path = YANSIS.app; sourceTree = BUILT_PRODUCTS_DIR; };
		D9F3B5501A5E318C0053AECE /* Info.plist */ = {isa = PBXFileReference; lastKnownFileType = text.plist.xml; path = Info.plist; sourceTree = "<group>"; };
		D9F3B5511A5E318C0053AECE /* main.m */ = {isa = PBXFileReference; lastKnownFileType = sourcecode.c.objc; path = main.m; sourceTree = "<group>"; };
		D9F3B5531A5E318C0053AECE /* AppDelegate.h */ = {isa = PBXFileReference; lastKnownFileType = sourcecode.c.h; path = AppDelegate.h; sourceTree = "<group>"; };
		D9F3B5541A5E318C0053AECE /* AppDelegate.m */ = {isa = PBXFileReference; lastKnownFileType = sourcecode.c.objc; path = AppDelegate.m; sourceTree = "<group>"; };
		D9F3B5561A5E318C0053AECE /* ViewController.h */ = {isa = PBXFileReference; lastKnownFileType = sourcecode.c.h; path = ViewController.h; sourceTree = "<group>"; };
		D9F3B5571A5E318C0053AECE /* ViewController.m */ = {isa = PBXFileReference; lastKnownFileType = sourcecode.c.objc; path = ViewController.m; sourceTree = "<group>"; };
		D9F3B55A1A5E318C0053AECE /* Base */ = {isa = PBXFileReference; lastKnownFileType = file.storyboard; name = Base; path = Base.lproj/Main.storyboard; sourceTree = "<group>"; };
		D9F3B55C1A5E318C0053AECE /* Images.xcassets */ = {isa = PBXFileReference; lastKnownFileType = folder.assetcatalog; path = Images.xcassets; sourceTree = "<group>"; };
		D9F3B55F1A5E318C0053AECE /* Base */ = {isa = PBXFileReference; lastKnownFileType = file.xib; name = Base; path = Base.lproj/LaunchScreen.xib; sourceTree = "<group>"; };
		D9F3B5651A5E318C0053AECE /* YANSISTests.xctest */ = {isa = PBXFileReference; explicitFileType = wrapper.cfbundle; includeInIndex = 0; path = YANSISTests.xctest; sourceTree = BUILT_PRODUCTS_DIR; };
		D9F3B56A1A5E318C0053AECE /* Info.plist */ = {isa = PBXFileReference; lastKnownFileType = text.plist.xml; path = Info.plist; sourceTree = "<group>"; };
		D9F3B56B1A5E318C0053AECE /* YANSISTests.m */ = {isa = PBXFileReference; lastKnownFileType = sourcecode.c.objc; path = YANSISTests.m; sourceTree = "<group>"; };
/* End PBXFileReference section */

/* Begin PBXFrameworksBuildPhase section */
		D9F3B5491A5E318C0053AECE /* Frameworks */ = {
			isa = PBXFrameworksBuildPhase;
			buildActionMask = 2147483647;
			files = (
			);
			runOnlyForDeploymentPostprocessing = 0;
		};
		D9F3B5621A5E318C0053AECE /* Frameworks */ = {
			isa = PBXFrameworksBuildPhase;
			buildActionMask = 2147483647;
			files = (
			);
			runOnlyForDeploymentPostprocessing = 0;
		};
/* End PBXFrameworksBuildPhase section */

/* Begin PBXGroup section */
		D9F3B5431A5E318C0053AECE = {
			isa = PBXGroup;
			children = (
				D9F3B54E1A5E318C0053AECE /* YANSIS */,
				D9F3B5681A5E318C0053AECE /* YANSISTests */,
				D9F3B54D1A5E318C0053AECE /* Products */,
			);
			sourceTree = "<group>";
		};
		D9F3B54D1A5E318C0053AECE /* Products */ = {
			isa = PBXGroup;
			children = (
				D9F3B54C1A5E318C0053AECE /* YANSIS.app */,
				D9F3B5651A5E318C0053AECE /* YANSISTests.xctest */,
			);
			name = Products;
			sourceTree = "<group>";
		};
		D9F3B54E1A5E318C0053AECE /* YANSIS */ = {
			isa = PBXGroup;
			children = (
				D9F3B5531A5E318C0053AECE /* AppDelegate.h */,
				D9F3B5541A5E318C0053AECE /* AppDelegate.m */,
				D9F3B5561A5E318C0053AECE /* ViewController.h */,
				D9F3B5571A5E318C0053AECE /* ViewController.m */,
				D9F3B5591A5E318C0053AECE /* Main.storyboard */,
				D9F3B55C1A5E318C0053AECE /* Images.xcassets */,
				D9F3B55E1A5E318C0053AECE /* LaunchScreen.xib */,
				D9F3B54F1A5E318C0053AECE /* Supporting Files */,
			);
			path = YANSIS;
			sourceTree = "<group>";
		};
		D9F3B54F1A5E318C0053AECE /* Supporting Files */ = {
			isa = PBXGroup;
			children = (
				D9F3B5501A5E318C0053AECE /* Info.plist */,
				D9F3B5511A5E318C0053AECE /* main.m */,
			);
			name = "Supporting Files";
			sourceTree = "<group>";
		};
		D9F3B5681A5E318C0053AECE /* YANSISTests */ = {
			isa = PBXGroup;
			children = (
				D9F3B56B1A5E318C0053AECE /* YANSISTests.m */,
				D9F3B5691A5E318C0053AECE /* Supporting Files */,
			);
			path = YANSISTests;
			sourceTree = "<group>";
		};
		D9F3B5691A5E318C0053AECE /* Supporting Files */ = {
			isa = PBXGroup;
			children = (
				D9F3B56A1A5E318C0053AECE /* Info.plist */,
			);
			name = "Supporting Files";
			sourceTree = "<group>";
		};
/* End PBXGroup section */

/* Begin PBXNativeTarget section */
		D9F3B54B1A5E318C0053AECE /* YANSIS */ = {
			isa = PBXNativeTarget;
			buildConfigurationList = D9F3B56F1A5E318C0053AECE /* Build configuration list for PBXNativeTarget "YANSIS" */;
			buildPhases = (
				D9F3B5481A5E318C0053AECE /* Sources */,
				D9F3B5491A5E318C0053AECE /* Frameworks */,
				D9F3B54A1A5E318C0053AECE /* Resources */,
			);
			buildRules = (
			);
			dependencies = (
			);
			name = YANSIS;
			productName = YANSIS;
			productReference = D9F3B54C1A5E318C0053AECE /* YANSIS.app */;
			productType = "com.apple.product-type.application";
		};
		D9F3B5641A5E318C0053AECE /* YANSISTests */ = {
			isa = PBXNativeTarget;
			buildConfigurationList = D9F3B5721A5E318C0053AECE /* Build configuration list for PBXNativeTarget "YANSISTests" */;
			buildPhases = (
				D9F3B5611A5E318C0053AECE /* Sources */,
				D9F3B5621A5E318C0053AECE /* Frameworks */,
				D9F3B5631A5E318C0053AECE /* Resources */,
			);
			buildRules = (
			);
			dependencies = (
				D9F3B5671A5E318C0053AECE /* PBXTargetDependency */,
			);
			name = YANSISTests;
			productName = YANSISTests;
			productReference = D9F3B5651A5E318C0053AECE /* YANSISTests.xctest */;
			productType = "com.apple.product-type.bundle.unit-test";
		};
/* End PBXNativeTarget section */

/* Begin PBXProject section */
		D9F3B5441A5E318C0053AECE /* Project object */ = {
			isa = PBXProject;
			attributes = {
				LastUpgradeCheck = 0610;
				ORGANIZATIONNAME = "長野雄";
				TargetAttributes = {
					D9F3B54B1A5E318C0053AECE = {
						CreatedOnToolsVersion = 6.1.1;
					};
					D9F3B5641A5E318C0053AECE = {
						CreatedOnToolsVersion = 6.1.1;
						TestTargetID = D9F3B54B1A5E318C0053AECE;
					};
				};
			};
			buildConfigurationList = D9F3B5471A5E318C0053AECE /* Build configuration list for PBXProject "YANSIS" */;
			compatibilityVersion = "Xcode 3.2";
			developmentRegion = English;
			hasScannedForEncodings = 0;
			knownRegions = (
				en,
				Base,
			);
			mainGroup = D9F3B5431A5E318C0053AECE;
			productRefGroup = D9F3B54D1A5E318C0053AECE /* Products */;
			projectDirPath = "";
			projectRoot = "";
			targets = (
				D9F3B54B1A5E318C0053AECE /* YANSIS */,
				D9F3B5641A5E318C0053AECE /* YANSISTests */,
			);
		};
/* End PBXProject section */

/* Begin PBXResourcesBuildPhase section */
		D9F3B54A1A5E318C0053AECE /* Resources */ = {
			isa = PBXResourcesBuildPhase;
			buildActionMask = 2147483647;
			files = (
				D9F3B55B1A5E318C0053AECE /* Main.storyboard in Resources */,
				D9F3B5601A5E318C0053AECE /* LaunchScreen.xib in Resources */,
				D9F3B55D1A5E318C0053AECE /* Images.xcassets in Resources */,
			);
			runOnlyForDeploymentPostprocessing = 0;
		};
		D9F3B5631A5E318C0053AECE /* Resources */ = {
			isa = PBXResourcesBuildPhase;
			buildActionMask = 2147483647;
			files = (
			);
			runOnlyForDeploymentPostprocessing = 0;
		};
/* End PBXResourcesBuildPhase section */

/* Begin PBXSourcesBuildPhase section */
		D9F3B5481A5E318C0053AECE /* Sources */ = {
			isa = PBXSourcesBuildPhase;
			buildActionMask = 2147483647;
			files = (
				D9F3B5581A5E318C0053AECE /* ViewController.m in Sources */,
				D9F3B5551A5E318C0053AECE /* AppDelegate.m in Sources */,
				D9F3B5521A5E318C0053AECE /* main.m in Sources */,
			);
			runOnlyForDeploymentPostprocessing = 0;
		};
		D9F3B5611A5E318C0053AECE /* Sources */ = {
			isa = PBXSourcesBuildPhase;
			buildActionMask = 2147483647;
			files = (
				D9F3B56C1A5E318C0053AECE /* YANSISTests.m in Sources */,
			);
			runOnlyForDeploymentPostprocessing = 0;
		};
/* End PBXSourcesBuildPhase section */

/* Begin PBXTargetDependency section */
		D9F3B5671A5E318C0053AECE /* PBXTargetDependency */ = {
			isa = PBXTargetDependency;
			target = D9F3B54B1A5E318C0053AECE /* YANSIS */;
			targetProxy = D9F3B5661A5E318C0053AECE /* PBXContainerItemProxy */;
		};
/* End PBXTargetDependency section */

/* Begin PBXVariantGroup section */
		D9F3B5591A5E318C0053AECE /* Main.storyboard */ = {
			isa = PBXVariantGroup;
			children = (
				D9F3B55A1A5E318C0053AECE /* Base */,
			);
			name = Main.storyboard;
			sourceTree = "<group>";
		};
		D9F3B55E1A5E318C0053AECE /* LaunchScreen.xib */ = {
			isa = PBXVariantGroup;
			children = (
				D9F3B55F1A5E318C0053AECE /* Base */,
			);
			name = LaunchScreen.xib;
			sourceTree = "<group>";
		};
/* End PBXVariantGroup section */

/* Begin XCBuildConfiguration section */
		D9F3B56D1A5E318C0053AECE /* Debug */ = {
			isa = XCBuildConfiguration;
			buildSettings = {
				ALWAYS_SEARCH_USER_PATHS = NO;
				CLANG_CXX_LANGUAGE_STANDARD = "gnu++0x";
				CLANG_CXX_LIBRARY = "libc++";
				CLANG_ENABLE_MODULES = YES;
				CLANG_ENABLE_OBJC_ARC = YES;
				CLANG_WARN_BOOL_CONVERSION = YES;
				CLANG_WARN_CONSTANT_CONVERSION = YES;
				CLANG_WARN_DIRECT_OBJC_ISA_USAGE = YES_ERROR;
				CLANG_WARN_EMPTY_BODY = YES;
				CLANG_WARN_ENUM_CONVERSION = YES;
				CLANG_WARN_INT_CONVERSION = YES;
				CLANG_WARN_OBJC_ROOT_CLASS = YES_ERROR;
				CLANG_WARN_UNREACHABLE_CODE = YES;
				CLANG_WARN__DUPLICATE_METHOD_MATCH = YES;
				"CODE_SIGN_IDENTITY[sdk=iphoneos*]" = "iPhone Developer";
				COPY_PHASE_STRIP = NO;
				ENABLE_STRICT_OBJC_MSGSEND = YES;
				GCC_C_LANGUAGE_STANDARD = gnu99;
				GCC_DYNAMIC_NO_PIC = NO;
				GCC_OPTIMIZATION_LEVEL = 0;
				GCC_PREPROCESSOR_DEFINITIONS = (
					"DEBUG=1",
					"$(inherited)",
				);
				GCC_SYMBOLS_PRIVATE_EXTERN = NO;
				GCC_WARN_64_TO_32_BIT_CONVERSION = YES;
				GCC_WARN_ABOUT_RETURN_TYPE = YES_ERROR;
				GCC_WARN_UNDECLARED_SELECTOR = YES;
				GCC_WARN_UNINITIALIZED_AUTOS = YES_AGGRESSIVE;
				GCC_WARN_UNUSED_FUNCTION = YES;
				GCC_WARN_UNUSED_VARIABLE = YES;
				IPHONEOS_DEPLOYMENT_TARGET = 8.1;
				MTL_ENABLE_DEBUG_INFO = YES;
				ONLY_ACTIVE_ARCH = YES;
				SDKROOT = iphoneos;
				TARGETED_DEVICE_FAMILY = "1,2";
			};
			name = Debug;
		};
		D9F3B56E1A5E318C0053AECE /* Release */ = {
			isa = XCBuildConfiguration;
			buildSettings = {
				ALWAYS_SEARCH_USER_PATHS = NO;
				CLANG_CXX_LANGUAGE_STANDARD = "gnu++0x";
				CLANG_CXX_LIBRARY = "libc++";
				CLANG_ENABLE_MODULES = YES;
				CLANG_ENABLE_OBJC_ARC = YES;
				CLANG_WARN_BOOL_CONVERSION = YES;
				CLANG_WARN_CONSTANT_CONVERSION = YES;
				CLANG_WARN_DIRECT_OBJC_ISA_USAGE = YES_ERROR;
				CLANG_WARN_EMPTY_BODY = YES;
				CLANG_WARN_ENUM_CONVERSION = YES;
				CLANG_WARN_INT_CONVERSION = YES;
				CLANG_WARN_OBJC_ROOT_CLASS = YES_ERROR;
				CLANG_WARN_UNREACHABLE_CODE = YES;
				CLANG_WARN__DUPLICATE_METHOD_MATCH = YES;
				"CODE_SIGN_IDENTITY[sdk=iphoneos*]" = "iPhone Developer";
				COPY_PHASE_STRIP = YES;
				ENABLE_NS_ASSERTIONS = NO;
				ENABLE_STRICT_OBJC_MSGSEND = YES;
				GCC_C_LANGUAGE_STANDARD = gnu99;
				GCC_WARN_64_TO_32_BIT_CONVERSION = YES;
				GCC_WARN_ABOUT_RETURN_TYPE = YES_ERROR;
				GCC_WARN_UNDECLARED_SELECTOR = YES;
				GCC_WARN_UNINITIALIZED_AUTOS = YES_AGGRESSIVE;
				GCC_WARN_UNUSED_FUNCTION = YES;
				GCC_WARN_UNUSED_VARIABLE = YES;
				IPHONEOS_DEPLOYMENT_TARGET = 8.1;
				MTL_ENABLE_DEBUG_INFO = NO;
				SDKROOT = iphoneos;
				TARGETED_DEVICE_FAMILY = "1,2";
				VALIDATE_PRODUCT = YES;
			};
			name = Release;
		};
		D9F3B5701A5E318C0053AECE /* Debug */ = {
			isa = XCBuildConfiguration;
			buildSettings = {
				ASSETCATALOG_COMPILER_APPICON_NAME = AppIcon;
				INFOPLIST_FILE = YANSIS/Info.plist;
				LD_RUNPATH_SEARCH_PATHS = "$(inherited) @executable_path/Frameworks";
				PRODUCT_NAME = "$(TARGET_NAME)";
			};
			name = Debug;
		};
		D9F3B5711A5E318C0053AECE /* Release */ = {
			isa = XCBuildConfiguration;
			buildSettings = {
				ASSETCATALOG_COMPILER_APPICON_NAME = AppIcon;
				INFOPLIST_FILE = YANSIS/Info.plist;
				LD_RUNPATH_SEARCH_PATHS = "$(inherited) @executable_path/Frameworks";
				PRODUCT_NAME = "$(TARGET_NAME)";
			};
			name = Release;
		};
		D9F3B5731A5E318C0053AECE /* Debug */ = {
			isa = XCBuildConfiguration;
			buildSettings = {
				BUNDLE_LOADER = "$(TEST_HOST)";
				FRAMEWORK_SEARCH_PATHS = (
					"$(SDKROOT)/Developer/Library/Frameworks",
					"$(inherited)",
				);
				GCC_PREPROCESSOR_DEFINITIONS = (
					"DEBUG=1",
					"$(inherited)",
				);
				INFOPLIST_FILE = YANSISTests/Info.plist;
				LD_RUNPATH_SEARCH_PATHS = "$(inherited) @executable_path/Frameworks @loader_path/Frameworks";
				PRODUCT_NAME = "$(TARGET_NAME)";
				TEST_HOST = "$(BUILT_PRODUCTS_DIR)/YANSIS.app/YANSIS";
			};
			name = Debug;
		};
		D9F3B5741A5E318C0053AECE /* Release */ = {
			isa = XCBuildConfiguration;
			buildSettings = {
				BUNDLE_LOADER = "$(TEST_HOST)";
				FRAMEWORK_SEARCH_PATHS = (
					"$(SDKROOT)/Developer/Library/Frameworks",
					"$(inherited)",
				);
				INFOPLIST_FILE = YANSISTests/Info.plist;
				LD_RUNPATH_SEARCH_PATHS = "$(inherited) @executable_path/Frameworks @loader_path/Frameworks";
				PRODUCT_NAME = "$(TARGET_NAME)";
				TEST_HOST = "$(BUILT_PRODUCTS_DIR)/YANSIS.app/YANSIS";
			};
			name = Release;
		};
/* End XCBuildConfiguration section */

/* Begin XCConfigurationList section */
		D9F3B5471A5E318C0053AECE /* Build configuration list for PBXProject "YANSIS" */ = {
			isa = XCConfigurationList;
			buildConfigurations = (
				D9F3B56D1A5E318C0053AECE /* Debug */,
				D9F3B56E1A5E318C0053AECE /* Release */,
			);
			defaultConfigurationIsVisible = 0;
			defaultConfigurationName = Release;
		};
		D9F3B56F1A5E318C0053AECE /* Build configuration list for PBXNativeTarget "YANSIS" */ = {
			isa = XCConfigurationList;
			buildConfigurations = (
				D9F3B5701A5E318C0053AECE /* Debug */,
				D9F3B5711A5E318C0053AECE /* Release */,
			);
			defaultConfigurationIsVisible = 0;
		};
		D9F3B5721A5E318C0053AECE /* Build configuration list for PBXNativeTarget "YANSISTests" */ = {
			isa = XCConfigurationList;
			buildConfigurations = (
				D9F3B5731A5E318C0053AECE /* Debug */,
				D9F3B5741A5E318C0053AECE /* Release */,
			);
			defaultConfigurationIsVisible = 0;
		};
/* End XCConfigurationList section */
	};
	rootObject = D9F3B5441A5E318C0053AECE /* Project object */;
}
