// !$*UTF8*$!
{
	archiveVersion = 1;
	classes = {
	};
	objectVersion = 47;
	objects = {

/* Begin PBXBuildFile section */
		D93CD8641E26162500807342 /* hts_engine_API in Resources */ = {isa = PBXBuildFile; fileRef = D93CD8631E26162500807342 /* hts_engine_API */; };
		D93CD8AB1E2619B400807342 /* CompositPostProcessor.m in Sources */ = {isa = PBXBuildFile; fileRef = D93CD86A1E2619B400807342 /* CompositPostProcessor.m */; };
		D93CD8AC1E2619B400807342 /* CSVAnalyzer.m in Sources */ = {isa = PBXBuildFile; fileRef = D93CD86C1E2619B400807342 /* CSVAnalyzer.m */; };
		D93CD8AD1E2619B400807342 /* CSVData.m in Sources */ = {isa = PBXBuildFile; fileRef = D93CD86E1E2619B400807342 /* CSVData.m */; };
		D93CD8AE1E2619B400807342 /* CSVParser.m in Sources */ = {isa = PBXBuildFile; fileRef = D93CD8701E2619B400807342 /* CSVParser.m */; };
		D93CD8AF1E2619B400807342 /* CToken.m in Sources */ = {isa = PBXBuildFile; fileRef = D93CD8721E2619B400807342 /* CToken.m */; };
		D93CD8B01E2619B400807342 /* DataAccessor.m in Sources */ = {isa = PBXBuildFile; fileRef = D93CD8741E2619B400807342 /* DataAccessor.m */; };
		D93CD8B11E2619B400807342 /* Dictionary.m in Sources */ = {isa = PBXBuildFile; fileRef = D93CD8761E2619B400807342 /* Dictionary.m */; };
		D93CD8B21E2619B400807342 /* DoubleArrayTrie.m in Sources */ = {isa = PBXBuildFile; fileRef = D93CD8781E2619B400807342 /* DoubleArrayTrie.m */; };
		D93CD8B31E2619B400807342 /* EJAdvisor3.m in Sources */ = {isa = PBXBuildFile; fileRef = D93CD87A1E2619B400807342 /* EJAdvisor3.m */; };
		D93CD8B41E2619B400807342 /* EJConfig.m in Sources */ = {isa = PBXBuildFile; fileRef = D93CD87C1E2619B400807342 /* EJConfig.m */; };
		D93CD8B51E2619B400807342 /* EJExample.m in Sources */ = {isa = PBXBuildFile; fileRef = D93CD87E1E2619B400807342 /* EJExample.m */; };
		D93CD8B61E2619B400807342 /* ExampleFinder.m in Sources */ = {isa = PBXBuildFile; fileRef = D93CD8801E2619B400807342 /* ExampleFinder.m */; };
		D93CD8B71E2619B400807342 /* FileAccessor.m in Sources */ = {isa = PBXBuildFile; fileRef = D93CD8821E2619B400807342 /* FileAccessor.m */; };
		D93CD8B81E2619B400807342 /* FileWriter.m in Sources */ = {isa = PBXBuildFile; fileRef = D93CD8841E2619B400807342 /* FileWriter.m */; };
		D93CD8B91E2619B400807342 /* GradeTable.m in Sources */ = {isa = PBXBuildFile; fileRef = D93CD8861E2619B400807342 /* GradeTable.m */; };
		D93CD8BA1E2619B400807342 /* JapaneseTokenizer.m in Sources */ = {isa = PBXBuildFile; fileRef = D93CD8881E2619B400807342 /* JapaneseTokenizer.m */; };
		D93CD8BB1E2619B400807342 /* Node.m in Sources */ = {isa = PBXBuildFile; fileRef = D93CD88A1E2619B400807342 /* Node.m */; };
		D93CD8BC1E2619B400807342 /* POS.m in Sources */ = {isa = PBXBuildFile; fileRef = D93CD88C1E2619B400807342 /* POS.m */; };
		D93CD8BD1E2619B400807342 /* PostProcessor.m in Sources */ = {isa = PBXBuildFile; fileRef = D93CD88E1E2619B400807342 /* PostProcessor.m */; };
		D93CD8BE1E2619B400807342 /* PreProcessor.m in Sources */ = {isa = PBXBuildFile; fileRef = D93CD8901E2619B400807342 /* PreProcessor.m */; };
		D93CD8BF1E2619B400807342 /* Recommendation.m in Sources */ = {isa = PBXBuildFile; fileRef = D93CD8921E2619B400807342 /* Recommendation.m */; };
		D93CD8C01E2619B400807342 /* RemarkPostProcessor.m in Sources */ = {isa = PBXBuildFile; fileRef = D93CD8941E2619B400807342 /* RemarkPostProcessor.m */; };
		D93CD8C11E2619B400807342 /* ScoreEstimator.m in Sources */ = {isa = PBXBuildFile; fileRef = D93CD8961E2619B400807342 /* ScoreEstimator.m */; };
		D93CD8C21E2619B400807342 /* StringAccessor.m in Sources */ = {isa = PBXBuildFile; fileRef = D93CD8981E2619B400807342 /* StringAccessor.m */; };
		D93CD8C31E2619B400807342 /* StringTagger.m in Sources */ = {isa = PBXBuildFile; fileRef = D93CD89A1E2619B400807342 /* StringTagger.m */; };
		D93CD8C41E2619B400807342 /* Token.m in Sources */ = {isa = PBXBuildFile; fileRef = D93CD89C1E2619B400807342 /* Token.m */; };
		D93CD8C51E2619B400807342 /* Tokenizer.m in Sources */ = {isa = PBXBuildFile; fileRef = D93CD89E1E2619B400807342 /* Tokenizer.m */; };
		D93CD8C61E2619B400807342 /* Viterbi.m in Sources */ = {isa = PBXBuildFile; fileRef = D93CD8A01E2619B400807342 /* Viterbi.m */; };
		D93CD8C71E2619B400807342 /* VocabAnalyzer.m in Sources */ = {isa = PBXBuildFile; fileRef = D93CD8A21E2619B400807342 /* VocabAnalyzer.m */; };
		D93CD8C81E2619B400807342 /* VocabGrade.m in Sources */ = {isa = PBXBuildFile; fileRef = D93CD8A41E2619B400807342 /* VocabGrade.m */; };
		D93CD8C91E2619B400807342 /* WordProperty.m in Sources */ = {isa = PBXBuildFile; fileRef = D93CD8A61E2619B400807342 /* WordProperty.m */; };
		D93CD8CA1E2619B400807342 /* WordPropertyFactory.m in Sources */ = {isa = PBXBuildFile; fileRef = D93CD8A81E2619B400807342 /* WordPropertyFactory.m */; };
		D93CD8CB1E2619B400807342 /* WordWithGrade.m in Sources */ = {isa = PBXBuildFile; fileRef = D93CD8AA1E2619B400807342 /* WordWithGrade.m */; };
		D9B972FB1E25B63300F9214E /* ViewController2.m in Sources */ = {isa = PBXBuildFile; fileRef = D9B972FA1E25B63300F9214E /* ViewController2.m */; };
		D9F3B5521A5E318C0053AECE /* main.m in Sources */ = {isa = PBXBuildFile; fileRef = D9F3B5511A5E318C0053AECE /* main.m */; };
		D9F3B5551A5E318C0053AECE /* AppDelegate.m in Sources */ = {isa = PBXBuildFile; fileRef = D9F3B5541A5E318C0053AECE /* AppDelegate.m */; };
		D9F3B5581A5E318C0053AECE /* ViewController.m in Sources */ = {isa = PBXBuildFile; fileRef = D9F3B5571A5E318C0053AECE /* ViewController.m */; };
		D9F3B55B1A5E318C0053AECE /* Main.storyboard in Resources */ = {isa = PBXBuildFile; fileRef = D9F3B5591A5E318C0053AECE /* Main.storyboard */; };
		D9F3B55D1A5E318C0053AECE /* Images.xcassets in Resources */ = {isa = PBXBuildFile; fileRef = D9F3B55C1A5E318C0053AECE /* Images.xcassets */; };
		D9F3B5601A5E318C0053AECE /* LaunchScreen.xib in Resources */ = {isa = PBXBuildFile; fileRef = D9F3B55E1A5E318C0053AECE /* LaunchScreen.xib */; };
		D9F3B56C1A5E318C0053AECE /* YANSISTests.m in Sources */ = {isa = PBXBuildFile; fileRef = D9F3B56B1A5E318C0053AECE /* YANSISTests.m */; };
		D9F3B5C61A5E31F00053AECE /* morph in Resources */ = {isa = PBXBuildFile; fileRef = D9F3B5A11A5E31F00053AECE /* morph */; };
		D9F3B5CD1A5E31F00053AECE /* sen in Resources */ = {isa = PBXBuildFile; fileRef = D9F3B5AE1A5E31F00053AECE /* sen */; };
/* End PBXBuildFile section */

/* Begin PBXContainerItemProxy section */
		D9F3B5661A5E318C0053AECE /* PBXContainerItemProxy */ = {
			isa = PBXContainerItemProxy;
			containerPortal = D9F3B5441A5E318C0053AECE /* Project object */;
			proxyType = 1;
			remoteGlobalIDString = D9F3B54B1A5E318C0053AECE;
			remoteInfo = YANSIS;
		};
/* End PBXContainerItemProxy section */

/* Begin PBXFileReference section */
		D93CD8631E26162500807342 /* hts_engine_API */ = {isa = PBXFileReference; lastKnownFileType = folder; path = hts_engine_API; sourceTree = "<group>"; };
		D93CD8691E2619B400807342 /* CompositPostProcessor.h */ = {isa = PBXFileReference; fileEncoding = 4; lastKnownFileType = sourcecode.c.h; path = CompositPostProcessor.h; sourceTree = "<group>"; };
		D93CD86A1E2619B400807342 /* CompositPostProcessor.m */ = {isa = PBXFileReference; fileEncoding = 4; lastKnownFileType = sourcecode.c.objc; path = CompositPostProcessor.m; sourceTree = "<group>"; };
		D93CD86B1E2619B400807342 /* CSVAnalyzer.h */ = {isa = PBXFileReference; fileEncoding = 4; lastKnownFileType = sourcecode.c.h; path = CSVAnalyzer.h; sourceTree = "<group>"; };
		D93CD86C1E2619B400807342 /* CSVAnalyzer.m */ = {isa = PBXFileReference; fileEncoding = 4; lastKnownFileType = sourcecode.c.objc; path = CSVAnalyzer.m; sourceTree = "<group>"; };
		D93CD86D1E2619B400807342 /* CSVData.h */ = {isa = PBXFileReference; fileEncoding = 4; lastKnownFileType = sourcecode.c.h; path = CSVData.h; sourceTree = "<group>"; };
		D93CD86E1E2619B400807342 /* CSVData.m */ = {isa = PBXFileReference; fileEncoding = 4; lastKnownFileType = sourcecode.c.objc; path = CSVData.m; sourceTree = "<group>"; };
		D93CD86F1E2619B400807342 /* CSVParser.h */ = {isa = PBXFileReference; fileEncoding = 4; lastKnownFileType = sourcecode.c.h; path = CSVParser.h; sourceTree = "<group>"; };
		D93CD8701E2619B400807342 /* CSVParser.m */ = {isa = PBXFileReference; fileEncoding = 4; lastKnownFileType = sourcecode.c.objc; path = CSVParser.m; sourceTree = "<group>"; };
		D93CD8711E2619B400807342 /* CToken.h */ = {isa = PBXFileReference; fileEncoding = 4; lastKnownFileType = sourcecode.c.h; path = CToken.h; sourceTree = "<group>"; };
		D93CD8721E2619B400807342 /* CToken.m */ = {isa = PBXFileReference; fileEncoding = 4; lastKnownFileType = sourcecode.c.objc; path = CToken.m; sourceTree = "<group>"; };
		D93CD8731E2619B400807342 /* DataAccessor.h */ = {isa = PBXFileReference; fileEncoding = 4; lastKnownFileType = sourcecode.c.h; path = DataAccessor.h; sourceTree = "<group>"; };
		D93CD8741E2619B400807342 /* DataAccessor.m */ = {isa = PBXFileReference; fileEncoding = 4; lastKnownFileType = sourcecode.c.objc; path = DataAccessor.m; sourceTree = "<group>"; };
		D93CD8751E2619B400807342 /* Dictionary.h */ = {isa = PBXFileReference; fileEncoding = 4; lastKnownFileType = sourcecode.c.h; path = Dictionary.h; sourceTree = "<group>"; };
		D93CD8761E2619B400807342 /* Dictionary.m */ = {isa = PBXFileReference; fileEncoding = 4; lastKnownFileType = sourcecode.c.objc; path = Dictionary.m; sourceTree = "<group>"; };
		D93CD8771E2619B400807342 /* DoubleArrayTrie.h */ = {isa = PBXFileReference; fileEncoding = 4; lastKnownFileType = sourcecode.c.h; path = DoubleArrayTrie.h; sourceTree = "<group>"; };
		D93CD8781E2619B400807342 /* DoubleArrayTrie.m */ = {isa = PBXFileReference; fileEncoding = 4; lastKnownFileType = sourcecode.c.objc; path = DoubleArrayTrie.m; sourceTree = "<group>"; };
		D93CD8791E2619B400807342 /* EJAdvisor3.h */ = {isa = PBXFileReference; fileEncoding = 4; lastKnownFileType = sourcecode.c.h; path = EJAdvisor3.h; sourceTree = "<group>"; };
		D93CD87A1E2619B400807342 /* EJAdvisor3.m */ = {isa = PBXFileReference; fileEncoding = 4; lastKnownFileType = sourcecode.c.objc; path = EJAdvisor3.m; sourceTree = "<group>"; };
		D93CD87B1E2619B400807342 /* EJConfig.h */ = {isa = PBXFileReference; fileEncoding = 4; lastKnownFileType = sourcecode.c.h; path = EJConfig.h; sourceTree = "<group>"; };
		D93CD87C1E2619B400807342 /* EJConfig.m */ = {isa = PBXFileReference; fileEncoding = 4; lastKnownFileType = sourcecode.c.objc; path = EJConfig.m; sourceTree = "<group>"; };
		D93CD87D1E2619B400807342 /* EJExample.h */ = {isa = PBXFileReference; fileEncoding = 4; lastKnownFileType = sourcecode.c.h; path = EJExample.h; sourceTree = "<group>"; };
		D93CD87E1E2619B400807342 /* EJExample.m */ = {isa = PBXFileReference; fileEncoding = 4; lastKnownFileType = sourcecode.c.objc; path = EJExample.m; sourceTree = "<group>"; };
		D93CD87F1E2619B400807342 /* ExampleFinder.h */ = {isa = PBXFileReference; fileEncoding = 4; lastKnownFileType = sourcecode.c.h; path = ExampleFinder.h; sourceTree = "<group>"; };
		D93CD8801E2619B400807342 /* ExampleFinder.m */ = {isa = PBXFileReference; fileEncoding = 4; lastKnownFileType = sourcecode.c.objc; path = ExampleFinder.m; sourceTree = "<group>"; };
		D93CD8811E2619B400807342 /* FileAccessor.h */ = {isa = PBXFileReference; fileEncoding = 4; lastKnownFileType = sourcecode.c.h; path = FileAccessor.h; sourceTree = "<group>"; };
		D93CD8821E2619B400807342 /* FileAccessor.m */ = {isa = PBXFileReference; fileEncoding = 4; lastKnownFileType = sourcecode.c.objc; path = FileAccessor.m; sourceTree = "<group>"; };
		D93CD8831E2619B400807342 /* FileWriter.h */ = {isa = PBXFileReference; fileEncoding = 4; lastKnownFileType = sourcecode.c.h; path = FileWriter.h; sourceTree = "<group>"; };
		D93CD8841E2619B400807342 /* FileWriter.m */ = {isa = PBXFileReference; fileEncoding = 4; lastKnownFileType = sourcecode.c.objc; path = FileWriter.m; sourceTree = "<group>"; };
		D93CD8851E2619B400807342 /* GradeTable.h */ = {isa = PBXFileReference; fileEncoding = 4; lastKnownFileType = sourcecode.c.h; path = GradeTable.h; sourceTree = "<group>"; };
		D93CD8861E2619B400807342 /* GradeTable.m */ = {isa = PBXFileReference; fileEncoding = 4; lastKnownFileType = sourcecode.c.objc; path = GradeTable.m; sourceTree = "<group>"; };
		D93CD8871E2619B400807342 /* JapaneseTokenizer.h */ = {isa = PBXFileReference; fileEncoding = 4; lastKnownFileType = sourcecode.c.h; path = JapaneseTokenizer.h; sourceTree = "<group>"; };
		D93CD8881E2619B400807342 /* JapaneseTokenizer.m */ = {isa = PBXFileReference; fileEncoding = 4; lastKnownFileType = sourcecode.c.objc; path = JapaneseTokenizer.m; sourceTree = "<group>"; };
		D93CD8891E2619B400807342 /* Node.h */ = {isa = PBXFileReference; fileEncoding = 4; lastKnownFileType = sourcecode.c.h; path = Node.h; sourceTree = "<group>"; };
		D93CD88A1E2619B400807342 /* Node.m */ = {isa = PBXFileReference; fileEncoding = 4; lastKnownFileType = sourcecode.c.objc; path = Node.m; sourceTree = "<group>"; };
		D93CD88B1E2619B400807342 /* POS.h */ = {isa = PBXFileReference; fileEncoding = 4; lastKnownFileType = sourcecode.c.h; path = POS.h; sourceTree = "<group>"; };
		D93CD88C1E2619B400807342 /* POS.m */ = {isa = PBXFileReference; fileEncoding = 4; lastKnownFileType = sourcecode.c.objc; path = POS.m; sourceTree = "<group>"; };
		D93CD88D1E2619B400807342 /* PostProcessor.h */ = {isa = PBXFileReference; fileEncoding = 4; lastKnownFileType = sourcecode.c.h; path = PostProcessor.h; sourceTree = "<group>"; };
		D93CD88E1E2619B400807342 /* PostProcessor.m */ = {isa = PBXFileReference; fileEncoding = 4; lastKnownFileType = sourcecode.c.objc; path = PostProcessor.m; sourceTree = "<group>"; };
		D93CD88F1E2619B400807342 /* PreProcessor.h */ = {isa = PBXFileReference; fileEncoding = 4; lastKnownFileType = sourcecode.c.h; path = PreProcessor.h; sourceTree = "<group>"; };
		D93CD8901E2619B400807342 /* PreProcessor.m */ = {isa = PBXFileReference; fileEncoding = 4; lastKnownFileType = sourcecode.c.objc; path = PreProcessor.m; sourceTree = "<group>"; };
		D93CD8911E2619B400807342 /* Recommendation.h */ = {isa = PBXFileReference; fileEncoding = 4; lastKnownFileType = sourcecode.c.h; path = Recommendation.h; sourceTree = "<group>"; };
		D93CD8921E2619B400807342 /* Recommendation.m */ = {isa = PBXFileReference; fileEncoding = 4; lastKnownFileType = sourcecode.c.objc; path = Recommendation.m; sourceTree = "<group>"; };
		D93CD8931E2619B400807342 /* RemarkPostProcessor.h */ = {isa = PBXFileReference; fileEncoding = 4; lastKnownFileType = sourcecode.c.h; path = RemarkPostProcessor.h; sourceTree = "<group>"; };
		D93CD8941E2619B400807342 /* RemarkPostProcessor.m */ = {isa = PBXFileReference; fileEncoding = 4; lastKnownFileType = sourcecode.c.objc; path = RemarkPostProcessor.m; sourceTree = "<group>"; };
		D93CD8951E2619B400807342 /* ScoreEstimator.h */ = {isa = PBXFileReference; fileEncoding = 4; lastKnownFileType = sourcecode.c.h; path = ScoreEstimator.h; sourceTree = "<group>"; };
		D93CD8961E2619B400807342 /* ScoreEstimator.m */ = {isa = PBXFileReference; fileEncoding = 4; lastKnownFileType = sourcecode.c.objc; path = ScoreEstimator.m; sourceTree = "<group>"; };
		D93CD8971E2619B400807342 /* StringAccessor.h */ = {isa = PBXFileReference; fileEncoding = 4; lastKnownFileType = sourcecode.c.h; path = StringAccessor.h; sourceTree = "<group>"; };
		D93CD8981E2619B400807342 /* StringAccessor.m */ = {isa = PBXFileReference; fileEncoding = 4; lastKnownFileType = sourcecode.c.objc; path = StringAccessor.m; sourceTree = "<group>"; };
		D93CD8991E2619B400807342 /* StringTagger.h */ = {isa = PBXFileReference; fileEncoding = 4; lastKnownFileType = sourcecode.c.h; path = StringTagger.h; sourceTree = "<group>"; };
		D93CD89A1E2619B400807342 /* StringTagger.m */ = {isa = PBXFileReference; fileEncoding = 4; lastKnownFileType = sourcecode.c.objc; path = StringTagger.m; sourceTree = "<group>"; };
		D93CD89B1E2619B400807342 /* Token.h */ = {isa = PBXFileReference; fileEncoding = 4; lastKnownFileType = sourcecode.c.h; path = Token.h; sourceTree = "<group>"; };
		D93CD89C1E2619B400807342 /* Token.m */ = {isa = PBXFileReference; fileEncoding = 4; lastKnownFileType = sourcecode.c.objc; path = Token.m; sourceTree = "<group>"; };
		D93CD89D1E2619B400807342 /* Tokenizer.h */ = {isa = PBXFileReference; fileEncoding = 4; lastKnownFileType = sourcecode.c.h; path = Tokenizer.h; sourceTree = "<group>"; };
		D93CD89E1E2619B400807342 /* Tokenizer.m */ = {isa = PBXFileReference; fileEncoding = 4; lastKnownFileType = sourcecode.c.objc; path = Tokenizer.m; sourceTree = "<group>"; };
		D93CD89F1E2619B400807342 /* Viterbi.h */ = {isa = PBXFileReference; fileEncoding = 4; lastKnownFileType = sourcecode.c.h; path = Viterbi.h; sourceTree = "<group>"; };
		D93CD8A01E2619B400807342 /* Viterbi.m */ = {isa = PBXFileReference; fileEncoding = 4; lastKnownFileType = sourcecode.c.objc; path = Viterbi.m; sourceTree = "<group>"; };
		D93CD8A11E2619B400807342 /* VocabAnalyzer.h */ = {isa = PBXFileReference; fileEncoding = 4; lastKnownFileType = sourcecode.c.h; path = VocabAnalyzer.h; sourceTree = "<group>"; };
		D93CD8A21E2619B400807342 /* VocabAnalyzer.m */ = {isa = PBXFileReference; fileEncoding = 4; lastKnownFileType = sourcecode.c.objc; path = VocabAnalyzer.m; sourceTree = "<group>"; };
		D93CD8A31E2619B400807342 /* VocabGrade.h */ = {isa = PBXFileReference; fileEncoding = 4; lastKnownFileType = sourcecode.c.h; path = VocabGrade.h; sourceTree = "<group>"; };
		D93CD8A41E2619B400807342 /* VocabGrade.m */ = {isa = PBXFileReference; fileEncoding = 4; lastKnownFileType = sourcecode.c.objc; path = VocabGrade.m; sourceTree = "<group>"; };
		D93CD8A51E2619B400807342 /* WordProperty.h */ = {isa = PBXFileReference; fileEncoding = 4; lastKnownFileType = sourcecode.c.h; path = WordProperty.h; sourceTree = "<group>"; };
		D93CD8A61E2619B400807342 /* WordProperty.m */ = {isa = PBXFileReference; fileEncoding = 4; lastKnownFileType = sourcecode.c.objc; path = WordProperty.m; sourceTree = "<group>"; };
		D93CD8A71E2619B400807342 /* WordPropertyFactory.h */ = {isa = PBXFileReference; fileEncoding = 4; lastKnownFileType = sourcecode.c.h; path = WordPropertyFactory.h; sourceTree = "<group>"; };
		D93CD8A81E2619B400807342 /* WordPropertyFactory.m */ = {isa = PBXFileReference; fileEncoding = 4; lastKnownFileType = sourcecode.c.objc; path = WordPropertyFactory.m; sourceTree = "<group>"; };
		D93CD8A91E2619B400807342 /* WordWithGrade.h */ = {isa = PBXFileReference; fileEncoding = 4; lastKnownFileType = sourcecode.c.h; path = WordWithGrade.h; sourceTree = "<group>"; };
		D93CD8AA1E2619B400807342 /* WordWithGrade.m */ = {isa = PBXFileReference; fileEncoding = 4; lastKnownFileType = sourcecode.c.objc; path = WordWithGrade.m; sourceTree = "<group>"; };
		D9947C191E1E2E7200696796 /* ja */ = {isa = PBXFileReference; lastKnownFileType = text.plist.strings; name = ja; path = ja.lproj/Main.strings; sourceTree = "<group>"; };
		D9947C1A1E1E2E7200696796 /* ja */ = {isa = PBXFileReference; lastKnownFileType = text.plist.strings; name = ja; path = ja.lproj/LaunchScreen.strings; sourceTree = "<group>"; };
		D9B972F91E25B63300F9214E /* ViewController2.h */ = {isa = PBXFileReference; fileEncoding = 4; lastKnownFileType = sourcecode.c.h; path = ViewController2.h; sourceTree = "<group>"; };
		D9B972FA1E25B63300F9214E /* ViewController2.m */ = {isa = PBXFileReference; fileEncoding = 4; lastKnownFileType = sourcecode.c.objc; path = ViewController2.m; sourceTree = "<group>"; };
		D9F3B54C1A5E318C0053AECE /* YANSIS.app */ = {isa = PBXFileReference; explicitFileType = wrapper.application; includeInIndex = 0; path = YANSIS.app; sourceTree = BUILT_PRODUCTS_DIR; };
		D9F3B5501A5E318C0053AECE /* Info.plist */ = {isa = PBXFileReference; lastKnownFileType = text.plist.xml; path = Info.plist; sourceTree = "<group>"; };
		D9F3B5511A5E318C0053AECE /* main.m */ = {isa = PBXFileReference; lastKnownFileType = sourcecode.c.objc; path = main.m; sourceTree = "<group>"; };
		D9F3B5531A5E318C0053AECE /* AppDelegate.h */ = {isa = PBXFileReference; lastKnownFileType = sourcecode.c.h; path = AppDelegate.h; sourceTree = "<group>"; };
		D9F3B5541A5E318C0053AECE /* AppDelegate.m */ = {isa = PBXFileReference; lastKnownFileType = sourcecode.c.objc; path = AppDelegate.m; sourceTree = "<group>"; };
		D9F3B5561A5E318C0053AECE /* ViewController.h */ = {isa = PBXFileReference; lastKnownFileType = sourcecode.c.h; path = ViewController.h; sourceTree = "<group>"; };
		D9F3B5571A5E318C0053AECE /* ViewController.m */ = {isa = PBXFileReference; lastKnownFileType = sourcecode.c.objc; path = ViewController.m; sourceTree = "<group>"; };
		D9F3B55A1A5E318C0053AECE /* Base */ = {isa = PBXFileReference; lastKnownFileType = file.storyboard; name = Base; path = Base.lproj/Main.storyboard; sourceTree = "<group>"; };
		D9F3B55C1A5E318C0053AECE /* Images.xcassets */ = {isa = PBXFileReference; lastKnownFileType = folder.assetcatalog; path = Images.xcassets; sourceTree = "<group>"; };
		D9F3B55F1A5E318C0053AECE /* Base */ = {isa = PBXFileReference; lastKnownFileType = file.xib; name = Base; path = Base.lproj/LaunchScreen.xib; sourceTree = "<group>"; };
		D9F3B5651A5E318C0053AECE /* YANSISTests.xctest */ = {isa = PBXFileReference; explicitFileType = wrapper.cfbundle; includeInIndex = 0; path = YANSISTests.xctest; sourceTree = BUILT_PRODUCTS_DIR; };
		D9F3B56A1A5E318C0053AECE /* Info.plist */ = {isa = PBXFileReference; lastKnownFileType = text.plist.xml; path = Info.plist; sourceTree = "<group>"; };
		D9F3B56B1A5E318C0053AECE /* YANSISTests.m */ = {isa = PBXFileReference; lastKnownFileType = sourcecode.c.objc; path = YANSISTests.m; sourceTree = "<group>"; };
		D9F3B5A11A5E31F00053AECE /* morph */ = {isa = PBXFileReference; lastKnownFileType = folder; name = morph; path = Asset/morph; sourceTree = "<group>"; };
		D9F3B5AE1A5E31F00053AECE /* sen */ = {isa = PBXFileReference; lastKnownFileType = folder; name = sen; path = Asset/sen; sourceTree = "<group>"; };
/* End PBXFileReference section */

/* Begin PBXFrameworksBuildPhase section */
		D9F3B5491A5E318C0053AECE /* Frameworks */ = {
			isa = PBXFrameworksBuildPhase;
			buildActionMask = 2147483647;
			files = (
			);
			runOnlyForDeploymentPostprocessing = 0;
		};
		D9F3B5621A5E318C0053AECE /* Frameworks */ = {
			isa = PBXFrameworksBuildPhase;
			buildActionMask = 2147483647;
			files = (
			);
			runOnlyForDeploymentPostprocessing = 0;
		};
/* End PBXFrameworksBuildPhase section */

/* Begin PBXGroup section */
		D93CD8CC1E2619C700807342 /* Sen */ = {
			isa = PBXGroup;
			children = (
				D93CD8751E2619B400807342 /* Dictionary.h */,
				D93CD8761E2619B400807342 /* Dictionary.m */,
				D93CD8771E2619B400807342 /* DoubleArrayTrie.h */,
				D93CD8781E2619B400807342 /* DoubleArrayTrie.m */,
				D93CD86D1E2619B400807342 /* CSVData.h */,
				D93CD86E1E2619B400807342 /* CSVData.m */,
				D93CD86F1E2619B400807342 /* CSVParser.h */,
				D93CD8701E2619B400807342 /* CSVParser.m */,
				D93CD8711E2619B400807342 /* CToken.h */,
				D93CD8871E2619B400807342 /* JapaneseTokenizer.h */,
				D93CD8881E2619B400807342 /* JapaneseTokenizer.m */,
				D93CD8891E2619B400807342 /* Node.h */,
				D93CD88A1E2619B400807342 /* Node.m */,
				D93CD88B1E2619B400807342 /* POS.h */,
				D93CD8931E2619B400807342 /* RemarkPostProcessor.h */,
				D93CD8941E2619B400807342 /* RemarkPostProcessor.m */,
				D93CD8971E2619B400807342 /* StringAccessor.h */,
				D93CD8981E2619B400807342 /* StringAccessor.m */,
				D93CD8991E2619B400807342 /* StringTagger.h */,
				D93CD89A1E2619B400807342 /* StringTagger.m */,
				D93CD89B1E2619B400807342 /* Token.h */,
				D93CD89C1E2619B400807342 /* Token.m */,
				D93CD89D1E2619B400807342 /* Tokenizer.h */,
				D93CD89E1E2619B400807342 /* Tokenizer.m */,
				D93CD89F1E2619B400807342 /* Viterbi.h */,
				D93CD8A01E2619B400807342 /* Viterbi.m */,
				D93CD88C1E2619B400807342 /* POS.m */,
				D93CD88D1E2619B400807342 /* PostProcessor.h */,
				D93CD88E1E2619B400807342 /* PostProcessor.m */,
				D93CD88F1E2619B400807342 /* PreProcessor.h */,
				D93CD8901E2619B400807342 /* PreProcessor.m */,
				D93CD8721E2619B400807342 /* CToken.m */,
				D93CD8691E2619B400807342 /* CompositPostProcessor.h */,
				D93CD86A1E2619B400807342 /* CompositPostProcessor.m */,
			);
			name = Sen;
			sourceTree = "<group>";
		};
		D93CD8CD1E2619D500807342 /* EJAdvisor3 */ = {
			isa = PBXGroup;
			children = (
				D93CD86B1E2619B400807342 /* CSVAnalyzer.h */,
				D93CD8911E2619B400807342 /* Recommendation.h */,
				D93CD8A31E2619B400807342 /* VocabGrade.h */,
				D93CD8A41E2619B400807342 /* VocabGrade.m */,
				D93CD8A51E2619B400807342 /* WordProperty.h */,
				D93CD8A61E2619B400807342 /* WordProperty.m */,
				D93CD8A71E2619B400807342 /* WordPropertyFactory.h */,
				D93CD8A81E2619B400807342 /* WordPropertyFactory.m */,
				D93CD8A91E2619B400807342 /* WordWithGrade.h */,
				D93CD8AA1E2619B400807342 /* WordWithGrade.m */,
				D93CD8921E2619B400807342 /* Recommendation.m */,
				D93CD86C1E2619B400807342 /* CSVAnalyzer.m */,
				D93CD8851E2619B400807342 /* GradeTable.h */,
				D93CD8861E2619B400807342 /* GradeTable.m */,
				D93CD8791E2619B400807342 /* EJAdvisor3.h */,
				D93CD87A1E2619B400807342 /* EJAdvisor3.m */,
				D93CD87B1E2619B400807342 /* EJConfig.h */,
				D93CD87C1E2619B400807342 /* EJConfig.m */,
				D93CD87D1E2619B400807342 /* EJExample.h */,
				D93CD87E1E2619B400807342 /* EJExample.m */,
				D93CD8A11E2619B400807342 /* VocabAnalyzer.h */,
				D93CD8A21E2619B400807342 /* VocabAnalyzer.m */,
				D93CD87F1E2619B400807342 /* ExampleFinder.h */,
				D93CD8951E2619B400807342 /* ScoreEstimator.h */,
				D93CD8961E2619B400807342 /* ScoreEstimator.m */,
				D93CD8801E2619B400807342 /* ExampleFinder.m */,
			);
			name = EJAdvisor3;
			sourceTree = "<group>";
		};
		D9F3B5431A5E318C0053AECE = {
			isa = PBXGroup;
			children = (
				D9F3B54E1A5E318C0053AECE /* YANSIS */,
				D9F3B5681A5E318C0053AECE /* YANSISTests */,
				D9F3B54D1A5E318C0053AECE /* Products */,
			);
			sourceTree = "<group>";
		};
		D9F3B54D1A5E318C0053AECE /* Products */ = {
			isa = PBXGroup;
			children = (
				D9F3B54C1A5E318C0053AECE /* YANSIS.app */,
				D9F3B5651A5E318C0053AECE /* YANSISTests.xctest */,
			);
			name = Products;
			sourceTree = "<group>";
		};
		D9F3B54E1A5E318C0053AECE /* YANSIS */ = {
			isa = PBXGroup;
			children = (
				D93CD8CD1E2619D500807342 /* EJAdvisor3 */,
				D93CD8CC1E2619C700807342 /* Sen */,
				D93CD8731E2619B400807342 /* DataAccessor.h */,
				D93CD8741E2619B400807342 /* DataAccessor.m */,
				D93CD8811E2619B400807342 /* FileAccessor.h */,
				D93CD8821E2619B400807342 /* FileAccessor.m */,
				D93CD8831E2619B400807342 /* FileWriter.h */,
				D93CD8841E2619B400807342 /* FileWriter.m */,
				D93CD8631E26162500807342 /* hts_engine_API */,
				D9F3B5A11A5E31F00053AECE /* morph */,
				D9F3B5AE1A5E31F00053AECE /* sen */,
				D9F3B5531A5E318C0053AECE /* AppDelegate.h */,
				D9F3B5541A5E318C0053AECE /* AppDelegate.m */,
				D9F3B5561A5E318C0053AECE /* ViewController.h */,
				D9F3B5571A5E318C0053AECE /* ViewController.m */,
				D9F3B5591A5E318C0053AECE /* Main.storyboard */,
				D9F3B55C1A5E318C0053AECE /* Images.xcassets */,
				D9F3B55E1A5E318C0053AECE /* LaunchScreen.xib */,
				D9F3B54F1A5E318C0053AECE /* Supporting Files */,
				D9B972F91E25B63300F9214E /* ViewController2.h */,
				D9B972FA1E25B63300F9214E /* ViewController2.m */,
			);
			path = YANSIS;
			sourceTree = "<group>";
		};
		D9F3B54F1A5E318C0053AECE /* Supporting Files */ = {
			isa = PBXGroup;
			children = (
				D9F3B5501A5E318C0053AECE /* Info.plist */,
				D9F3B5511A5E318C0053AECE /* main.m */,
			);
			name = "Supporting Files";
			sourceTree = "<group>";
		};
		D9F3B5681A5E318C0053AECE /* YANSISTests */ = {
			isa = PBXGroup;
			children = (
				D9F3B56B1A5E318C0053AECE /* YANSISTests.m */,
				D9F3B5691A5E318C0053AECE /* Supporting Files */,
			);
			path = YANSISTests;
			sourceTree = "<group>";
		};
		D9F3B5691A5E318C0053AECE /* Supporting Files */ = {
			isa = PBXGroup;
			children = (
				D9F3B56A1A5E318C0053AECE /* Info.plist */,
			);
			name = "Supporting Files";
			sourceTree = "<group>";
		};
/* End PBXGroup section */

/* Begin PBXNativeTarget section */
		D9F3B54B1A5E318C0053AECE /* YANSIS */ = {
			isa = PBXNativeTarget;
			buildConfigurationList = D9F3B56F1A5E318C0053AECE /* Build configuration list for PBXNativeTarget "YANSIS" */;
			buildPhases = (
				D9F3B5481A5E318C0053AECE /* Sources */,
				D9F3B5491A5E318C0053AECE /* Frameworks */,
				D9F3B54A1A5E318C0053AECE /* Resources */,
			);
			buildRules = (
			);
			dependencies = (
			);
			name = YANSIS;
			productName = YANSIS;
			productReference = D9F3B54C1A5E318C0053AECE /* YANSIS.app */;
			productType = "com.apple.product-type.application";
		};
		D9F3B5641A5E318C0053AECE /* YANSISTests */ = {
			isa = PBXNativeTarget;
			buildConfigurationList = D9F3B5721A5E318C0053AECE /* Build configuration list for PBXNativeTarget "YANSISTests" */;
			buildPhases = (
				D9F3B5611A5E318C0053AECE /* Sources */,
				D9F3B5621A5E318C0053AECE /* Frameworks */,
				D9F3B5631A5E318C0053AECE /* Resources */,
			);
			buildRules = (
			);
			dependencies = (
				D9F3B5671A5E318C0053AECE /* PBXTargetDependency */,
			);
			name = YANSISTests;
			productName = YANSISTests;
			productReference = D9F3B5651A5E318C0053AECE /* YANSISTests.xctest */;
			productType = "com.apple.product-type.bundle.unit-test";
		};
/* End PBXNativeTarget section */

/* Begin PBXProject section */
		D9F3B5441A5E318C0053AECE /* Project object */ = {
			isa = PBXProject;
			attributes = {
				LastUpgradeCheck = 0810;
				ORGANIZATIONNAME = "長野雄";
				TargetAttributes = {
					D9F3B54B1A5E318C0053AECE = {
						CreatedOnToolsVersion = 6.1.1;
						DevelopmentTeam = 4Q39AK7F26;
					};
					D9F3B5641A5E318C0053AECE = {
						CreatedOnToolsVersion = 6.1.1;
						TestTargetID = D9F3B54B1A5E318C0053AECE;
					};
				};
			};
			buildConfigurationList = D9F3B5471A5E318C0053AECE /* Build configuration list for PBXProject "YANSIS" */;
			compatibilityVersion = "Xcode 6.3";
			developmentRegion = English;
			hasScannedForEncodings = 0;
			knownRegions = (
				en,
				Base,
			);
			mainGroup = D9F3B5431A5E318C0053AECE;
			productRefGroup = D9F3B54D1A5E318C0053AECE /* Products */;
			projectDirPath = "";
			projectRoot = "";
			targets = (
				D9F3B54B1A5E318C0053AECE /* YANSIS */,
				D9F3B5641A5E318C0053AECE /* YANSISTests */,
			);
		};
/* End PBXProject section */

/* Begin PBXResourcesBuildPhase section */
		D9F3B54A1A5E318C0053AECE /* Resources */ = {
			isa = PBXResourcesBuildPhase;
			buildActionMask = 2147483647;
			files = (
				D9F3B55B1A5E318C0053AECE /* Main.storyboard in Resources */,
				D9F3B5601A5E318C0053AECE /* LaunchScreen.xib in Resources */,
				D9F3B55D1A5E318C0053AECE /* Images.xcassets in Resources */,
				D93CD8641E26162500807342 /* hts_engine_API in Resources */,
				D9F3B5C61A5E31F00053AECE /* morph in Resources */,
				D9F3B5CD1A5E31F00053AECE /* sen in Resources */,
			);
			runOnlyForDeploymentPostprocessing = 0;
		};
		D9F3B5631A5E318C0053AECE /* Resources */ = {
			isa = PBXResourcesBuildPhase;
			buildActionMask = 2147483647;
			files = (
			);
			runOnlyForDeploymentPostprocessing = 0;
		};
/* End PBXResourcesBuildPhase section */

/* Begin PBXSourcesBuildPhase section */
		D9F3B5481A5E318C0053AECE /* Sources */ = {
			isa = PBXSourcesBuildPhase;
			buildActionMask = 2147483647;
			files = (
				D93CD8BC1E2619B400807342 /* POS.m in Sources */,
				D93CD8AC1E2619B400807342 /* CSVAnalyzer.m in Sources */,
				D93CD8C31E2619B400807342 /* StringTagger.m in Sources */,
				D93CD8C01E2619B400807342 /* RemarkPostProcessor.m in Sources */,
				D93CD8B71E2619B400807342 /* FileAccessor.m in Sources */,
				D93CD8BB1E2619B400807342 /* Node.m in Sources */,
				D93CD8C21E2619B400807342 /* StringAccessor.m in Sources */,
				D93CD8B91E2619B400807342 /* GradeTable.m in Sources */,
				D9F3B5581A5E318C0053AECE /* ViewController.m in Sources */,
				D93CD8CA1E2619B400807342 /* WordPropertyFactory.m in Sources */,
				D93CD8AF1E2619B400807342 /* CToken.m in Sources */,
				D93CD8C51E2619B400807342 /* Tokenizer.m in Sources */,
				D93CD8BF1E2619B400807342 /* Recommendation.m in Sources */,
				D93CD8AD1E2619B400807342 /* CSVData.m in Sources */,
				D93CD8BE1E2619B400807342 /* PreProcessor.m in Sources */,
				D93CD8B51E2619B400807342 /* EJExample.m in Sources */,
				D93CD8C81E2619B400807342 /* VocabGrade.m in Sources */,
				D93CD8C11E2619B400807342 /* ScoreEstimator.m in Sources */,
				D93CD8BD1E2619B400807342 /* PostProcessor.m in Sources */,
				D9F3B5551A5E318C0053AECE /* AppDelegate.m in Sources */,
				D93CD8AB1E2619B400807342 /* CompositPostProcessor.m in Sources */,
				D93CD8B21E2619B400807342 /* DoubleArrayTrie.m in Sources */,
				D93CD8B01E2619B400807342 /* DataAccessor.m in Sources */,
				D9B972FB1E25B63300F9214E /* ViewController2.m in Sources */,
				D93CD8C91E2619B400807342 /* WordProperty.m in Sources */,
				D93CD8C71E2619B400807342 /* VocabAnalyzer.m in Sources */,
				D93CD8C41E2619B400807342 /* Token.m in Sources */,
				D93CD8CB1E2619B400807342 /* WordWithGrade.m in Sources */,
				D93CD8BA1E2619B400807342 /* JapaneseTokenizer.m in Sources */,
				D9F3B5521A5E318C0053AECE /* main.m in Sources */,
				D93CD8C61E2619B400807342 /* Viterbi.m in Sources */,
				D93CD8B31E2619B400807342 /* EJAdvisor3.m in Sources */,
				D93CD8B11E2619B400807342 /* Dictionary.m in Sources */,
				D93CD8B41E2619B400807342 /* EJConfig.m in Sources */,
				D93CD8B61E2619B400807342 /* ExampleFinder.m in Sources */,
				D93CD8B81E2619B400807342 /* FileWriter.m in Sources */,
				D93CD8AE1E2619B400807342 /* CSVParser.m in Sources */,
			);
			runOnlyForDeploymentPostprocessing = 0;
		};
		D9F3B5611A5E318C0053AECE /* Sources */ = {
			isa = PBXSourcesBuildPhase;
			buildActionMask = 2147483647;
			files = (
				D9F3B56C1A5E318C0053AECE /* YANSISTests.m in Sources */,
			);
			runOnlyForDeploymentPostprocessing = 0;
		};
/* End PBXSourcesBuildPhase section */

/* Begin PBXTargetDependency section */
		D9F3B5671A5E318C0053AECE /* PBXTargetDependency */ = {
			isa = PBXTargetDependency;
			target = D9F3B54B1A5E318C0053AECE /* YANSIS */;
			targetProxy = D9F3B5661A5E318C0053AECE /* PBXContainerItemProxy */;
		};
/* End PBXTargetDependency section */

/* Begin PBXVariantGroup section */
		D9F3B5591A5E318C0053AECE /* Main.storyboard */ = {
			isa = PBXVariantGroup;
			children = (
				D9F3B55A1A5E318C0053AECE /* Base */,
				D9947C191E1E2E7200696796 /* ja */,
			);
			name = Main.storyboard;
			sourceTree = "<group>";
		};
		D9F3B55E1A5E318C0053AECE /* LaunchScreen.xib */ = {
			isa = PBXVariantGroup;
			children = (
				D9F3B55F1A5E318C0053AECE /* Base */,
				D9947C1A1E1E2E7200696796 /* ja */,
			);
			name = LaunchScreen.xib;
			sourceTree = "<group>";
		};
/* End PBXVariantGroup section */

/* Begin XCBuildConfiguration section */
		D9F3B56D1A5E318C0053AECE /* Debug */ = {
			isa = XCBuildConfiguration;
			buildSettings = {
				ALWAYS_SEARCH_USER_PATHS = NO;
				CLANG_ANALYZER_LOCALIZABILITY_NONLOCALIZED = YES;
				CLANG_CXX_LANGUAGE_STANDARD = "gnu++0x";
				CLANG_CXX_LIBRARY = "libc++";
				CLANG_ENABLE_MODULES = YES;
				CLANG_ENABLE_OBJC_ARC = YES;
				CLANG_WARN_BOOL_CONVERSION = YES;
				CLANG_WARN_CONSTANT_CONVERSION = YES;
				CLANG_WARN_DIRECT_OBJC_ISA_USAGE = YES_ERROR;
				CLANG_WARN_EMPTY_BODY = YES;
				CLANG_WARN_ENUM_CONVERSION = YES;
				CLANG_WARN_INFINITE_RECURSION = YES;
				CLANG_WARN_INT_CONVERSION = YES;
				CLANG_WARN_OBJC_ROOT_CLASS = YES_ERROR;
				CLANG_WARN_SUSPICIOUS_MOVE = YES;
				CLANG_WARN_UNREACHABLE_CODE = YES;
				CLANG_WARN__DUPLICATE_METHOD_MATCH = YES;
				"CODE_SIGN_IDENTITY[sdk=iphoneos*]" = "iPhone Developer";
				COPY_PHASE_STRIP = NO;
				ENABLE_STRICT_OBJC_MSGSEND = YES;
				ENABLE_TESTABILITY = YES;
				GCC_C_LANGUAGE_STANDARD = gnu99;
				GCC_DYNAMIC_NO_PIC = NO;
				GCC_NO_COMMON_BLOCKS = YES;
				GCC_OPTIMIZATION_LEVEL = 0;
				GCC_PREPROCESSOR_DEFINITIONS = (
					"DEBUG=1",
					"$(inherited)",
				);
				GCC_SYMBOLS_PRIVATE_EXTERN = NO;
				GCC_WARN_64_TO_32_BIT_CONVERSION = YES;
				GCC_WARN_ABOUT_RETURN_TYPE = YES_ERROR;
				GCC_WARN_UNDECLARED_SELECTOR = YES;
				GCC_WARN_UNINITIALIZED_AUTOS = YES_AGGRESSIVE;
				GCC_WARN_UNUSED_FUNCTION = YES;
				GCC_WARN_UNUSED_VARIABLE = YES;
				IPHONEOS_DEPLOYMENT_TARGET = 10.2;
				MTL_ENABLE_DEBUG_INFO = YES;
				ONLY_ACTIVE_ARCH = YES;
				SDKROOT = iphoneos;
				TARGETED_DEVICE_FAMILY = "1,2";
			};
			name = Debug;
		};
		D9F3B56E1A5E318C0053AECE /* Release */ = {
			isa = XCBuildConfiguration;
			buildSettings = {
				ALWAYS_SEARCH_USER_PATHS = NO;
				CLANG_ANALYZER_LOCALIZABILITY_NONLOCALIZED = YES;
				CLANG_CXX_LANGUAGE_STANDARD = "gnu++0x";
				CLANG_CXX_LIBRARY = "libc++";
				CLANG_ENABLE_MODULES = YES;
				CLANG_ENABLE_OBJC_ARC = YES;
				CLANG_WARN_BOOL_CONVERSION = YES;
				CLANG_WARN_CONSTANT_CONVERSION = YES;
				CLANG_WARN_DIRECT_OBJC_ISA_USAGE = YES_ERROR;
				CLANG_WARN_EMPTY_BODY = YES;
				CLANG_WARN_ENUM_CONVERSION = YES;
				CLANG_WARN_INFINITE_RECURSION = YES;
				CLANG_WARN_INT_CONVERSION = YES;
				CLANG_WARN_OBJC_ROOT_CLASS = YES_ERROR;
				CLANG_WARN_SUSPICIOUS_MOVE = YES;
				CLANG_WARN_UNREACHABLE_CODE = YES;
				CLANG_WARN__DUPLICATE_METHOD_MATCH = YES;
				"CODE_SIGN_IDENTITY[sdk=iphoneos*]" = "iPhone Developer";
				COPY_PHASE_STRIP = YES;
				ENABLE_NS_ASSERTIONS = NO;
				ENABLE_STRICT_OBJC_MSGSEND = YES;
				GCC_C_LANGUAGE_STANDARD = gnu99;
				GCC_NO_COMMON_BLOCKS = YES;
				GCC_WARN_64_TO_32_BIT_CONVERSION = YES;
				GCC_WARN_ABOUT_RETURN_TYPE = YES_ERROR;
				GCC_WARN_UNDECLARED_SELECTOR = YES;
				GCC_WARN_UNINITIALIZED_AUTOS = YES_AGGRESSIVE;
				GCC_WARN_UNUSED_FUNCTION = YES;
				GCC_WARN_UNUSED_VARIABLE = YES;
				IPHONEOS_DEPLOYMENT_TARGET = 10.2;
				MTL_ENABLE_DEBUG_INFO = NO;
				SDKROOT = iphoneos;
				TARGETED_DEVICE_FAMILY = "1,2";
				VALIDATE_PRODUCT = YES;
			};
			name = Release;
		};
		D9F3B5701A5E318C0053AECE /* Debug */ = {
			isa = XCBuildConfiguration;
			buildSettings = {
				ASSETCATALOG_COMPILER_APPICON_NAME = AppIcon;
				CODE_SIGN_IDENTITY = "iPhone Developer";
				"CODE_SIGN_IDENTITY[sdk=iphoneos*]" = "iPhone Developer";
				DEVELOPMENT_TEAM = 4Q39AK7F26;
				INFOPLIST_FILE = YANSIS/Info.plist;
				IPHONEOS_DEPLOYMENT_TARGET = 9.1;
				LD_RUNPATH_SEARCH_PATHS = "$(inherited) @executable_path/Frameworks";
				PRODUCT_BUNDLE_IDENTIFIER = "org.yansis.$(PRODUCT_NAME:rfc1034identifier)";
				PRODUCT_NAME = "$(TARGET_NAME)";
				PROVISIONING_PROFILE = "";
			};
			name = Debug;
		};
		D9F3B5711A5E318C0053AECE /* Release */ = {
			isa = XCBuildConfiguration;
			buildSettings = {
				ASSETCATALOG_COMPILER_APPICON_NAME = AppIcon;
				CODE_SIGN_IDENTITY = "iPhone Developer";
				"CODE_SIGN_IDENTITY[sdk=iphoneos*]" = "iPhone Developer";
				DEVELOPMENT_TEAM = 4Q39AK7F26;
				INFOPLIST_FILE = YANSIS/Info.plist;
				IPHONEOS_DEPLOYMENT_TARGET = 9.1;
				LD_RUNPATH_SEARCH_PATHS = "$(inherited) @executable_path/Frameworks";
				PRODUCT_BUNDLE_IDENTIFIER = "org.yansis.$(PRODUCT_NAME:rfc1034identifier)";
				PRODUCT_NAME = "$(TARGET_NAME)";
				PROVISIONING_PROFILE = "";
			};
			name = Release;
		};
		D9F3B5731A5E318C0053AECE /* Debug */ = {
			isa = XCBuildConfiguration;
			buildSettings = {
				BUNDLE_LOADER = "$(TEST_HOST)";
				FRAMEWORK_SEARCH_PATHS = "";
				GCC_PREPROCESSOR_DEFINITIONS = (
					"DEBUG=1",
					"$(inherited)",
				);
				INFOPLIST_FILE = YANSISTests/Info.plist;
				LD_RUNPATH_SEARCH_PATHS = "$(inherited) @executable_path/Frameworks @loader_path/Frameworks";
				PRODUCT_BUNDLE_IDENTIFIER = "org.yansis.$(PRODUCT_NAME:rfc1034identifier)";
				PRODUCT_NAME = "$(TARGET_NAME)";
				TEST_HOST = "$(BUILT_PRODUCTS_DIR)/YANSIS.app/YANSIS";
			};
			name = Debug;
		};
		D9F3B5741A5E318C0053AECE /* Release */ = {
			isa = XCBuildConfiguration;
			buildSettings = {
				BUNDLE_LOADER = "$(TEST_HOST)";
				FRAMEWORK_SEARCH_PATHS = "";
				INFOPLIST_FILE = YANSISTests/Info.plist;
				LD_RUNPATH_SEARCH_PATHS = "$(inherited) @executable_path/Frameworks @loader_path/Frameworks";
				PRODUCT_BUNDLE_IDENTIFIER = "org.yansis.$(PRODUCT_NAME:rfc1034identifier)";
				PRODUCT_NAME = "$(TARGET_NAME)";
				TEST_HOST = "$(BUILT_PRODUCTS_DIR)/YANSIS.app/YANSIS";
			};
			name = Release;
		};
/* End XCBuildConfiguration section */

/* Begin XCConfigurationList section */
		D9F3B5471A5E318C0053AECE /* Build configuration list for PBXProject "YANSIS" */ = {
			isa = XCConfigurationList;
			buildConfigurations = (
				D9F3B56D1A5E318C0053AECE /* Debug */,
				D9F3B56E1A5E318C0053AECE /* Release */,
			);
			defaultConfigurationIsVisible = 0;
			defaultConfigurationName = Release;
		};
		D9F3B56F1A5E318C0053AECE /* Build configuration list for PBXNativeTarget "YANSIS" */ = {
			isa = XCConfigurationList;
			buildConfigurations = (
				D9F3B5701A5E318C0053AECE /* Debug */,
				D9F3B5711A5E318C0053AECE /* Release */,
			);
			defaultConfigurationIsVisible = 0;
			defaultConfigurationName = Release;
		};
		D9F3B5721A5E318C0053AECE /* Build configuration list for PBXNativeTarget "YANSISTests" */ = {
			isa = XCConfigurationList;
			buildConfigurations = (
				D9F3B5731A5E318C0053AECE /* Debug */,
				D9F3B5741A5E318C0053AECE /* Release */,
			);
			defaultConfigurationIsVisible = 0;
			defaultConfigurationName = Release;
		};
/* End XCConfigurationList section */
	};
	rootObject = D9F3B5441A5E318C0053AECE /* Project object */;
}
